{
  "version": 4,
  "terraform_version": "1.7.3",
  "serial": 89,
  "lineage": "7686fc39-dc19-7ce8-ff03-b5e0dc3eb849",
  "outputs": {},
  "resources": [
    {
      "module": "module.api",
      "mode": "managed",
      "type": "aws_api_gateway_deployment",
      "name": "this",
      "provider": "provider[\"registry.terraform.io/hashicorp/aws\"]",
      "instances": [
        {
          "schema_version": 0,
          "attributes": {
            "created_date": "2024-05-06T16:47:15Z",
            "description": "",
            "execution_arn": "arn:aws:execute-api:us-east-1:381491839053:fhj9lxmerj/",
            "id": "2xivvc",
            "invoke_url": "https://fhj9lxmerj.execute-api.us-east-1.amazonaws.com/",
            "rest_api_id": "fhj9lxmerj",
            "stage_description": null,
            "stage_name": null,
            "triggers": {
              "redeployment": "2be88ca4242c76e8253ac62474851065032d6833"
            },
            "variables": null
          },
          "sensitive_attributes": [],
          "private": "bnVsbA==",
          "dependencies": [
            "module.api.aws_api_gateway_integration.options_authors",
            "module.api.aws_api_gateway_integration.options_course",
            "module.api.aws_api_gateway_integration.options_courses",
            "module.api.aws_api_gateway_integration_response.options_authors",
            "module.api.aws_api_gateway_integration_response.options_course",
            "module.api.aws_api_gateway_integration_response.options_courses",
            "module.api.aws_api_gateway_method.options_authors",
            "module.api.aws_api_gateway_method.options_course",
            "module.api.aws_api_gateway_method.options_courses",
            "module.api.aws_api_gateway_method_response.options_authors",
            "module.api.aws_api_gateway_method_response.options_course",
            "module.api.aws_api_gateway_method_response.options_courses",
            "module.api.aws_api_gateway_resource.authors",
            "module.api.aws_api_gateway_resource.course",
            "module.api.aws_api_gateway_resource.courses",
            "module.api.aws_api_gateway_rest_api.this_api"
          ],
          "create_before_destroy": true
        }
      ]
    },
    {
      "module": "module.api",
      "mode": "managed",
      "type": "aws_api_gateway_integration",
      "name": "delete_course",
      "provider": "provider[\"registry.terraform.io/hashicorp/aws\"]",
      "instances": [
        {
          "schema_version": 0,
          "attributes": {
            "cache_key_parameters": [],
            "cache_namespace": "vjbxg4",
            "connection_id": "",
            "connection_type": "INTERNET",
            "content_handling": "",
            "credentials": "",
            "http_method": "DELETE",
            "id": "agi-fhj9lxmerj-vjbxg4-DELETE",
            "integration_http_method": "POST",
            "passthrough_behavior": "WHEN_NO_MATCH",
            "request_parameters": {},
            "request_templates": {
              "application/json": "{\"id\": \"$input.params('id')\"}"
            },
            "resource_id": "vjbxg4",
            "rest_api_id": "fhj9lxmerj",
            "timeout_milliseconds": 29000,
            "tls_config": [],
            "type": "AWS",
            "uri": "arn:aws:apigateway:us-east-1:lambda:path/2015-03-31/functions/arn:aws:lambda:us-east-1:381491839053:function:delete-course/invocations"
          },
          "sensitive_attributes": [],
          "private": "bnVsbA==",
          "dependencies": [
            "module.api.aws_api_gateway_method.delete_course",
            "module.api.aws_api_gateway_resource.course",
            "module.api.aws_api_gateway_resource.courses",
            "module.api.aws_api_gateway_rest_api.this_api",
            "module.iam.aws_iam_role.delete_course_lambda_role",
            "module.lambda.aws_lambda_function.delete_course",
            "module.lambda.data.archive_file.delete_course"
          ]
        }
      ]
    },
    {
      "module": "module.api",
      "mode": "managed",
      "type": "aws_api_gateway_integration",
      "name": "get_all_authors",
      "provider": "provider[\"registry.terraform.io/hashicorp/aws\"]",
      "instances": [
        {
          "schema_version": 0,
          "attributes": {
            "cache_key_parameters": [],
            "cache_namespace": "pivv8k",
            "connection_id": "",
            "connection_type": "INTERNET",
            "content_handling": "",
            "credentials": "",
            "http_method": "GET",
            "id": "agi-fhj9lxmerj-pivv8k-GET",
            "integration_http_method": "POST",
            "passthrough_behavior": "WHEN_NO_MATCH",
            "request_parameters": {},
            "request_templates": {},
            "resource_id": "pivv8k",
            "rest_api_id": "fhj9lxmerj",
            "timeout_milliseconds": 29000,
            "tls_config": [],
            "type": "AWS",
            "uri": "arn:aws:apigateway:us-east-1:lambda:path/2015-03-31/functions/arn:aws:lambda:us-east-1:381491839053:function:get-all-authors/invocations"
          },
          "sensitive_attributes": [],
          "private": "bnVsbA==",
          "dependencies": [
            "module.api.aws_api_gateway_method.get_all_authors",
            "module.api.aws_api_gateway_resource.authors",
            "module.api.aws_api_gateway_rest_api.this_api",
            "module.iam.aws_iam_role.get_all_authors_lambda_role",
            "module.lambda.aws_lambda_function.get_all_authors",
            "module.lambda.data.archive_file.get_all_authors"
          ]
        }
      ]
    },
    {
      "module": "module.api",
      "mode": "managed",
      "type": "aws_api_gateway_integration",
      "name": "get_all_courses",
      "provider": "provider[\"registry.terraform.io/hashicorp/aws\"]",
      "instances": [
        {
          "schema_version": 0,
          "attributes": {
            "cache_key_parameters": [],
            "cache_namespace": "6fqmr2",
            "connection_id": "",
            "connection_type": "INTERNET",
            "content_handling": "",
            "credentials": "",
            "http_method": "GET",
            "id": "agi-fhj9lxmerj-6fqmr2-GET",
            "integration_http_method": "POST",
            "passthrough_behavior": "WHEN_NO_MATCH",
            "request_parameters": {},
            "request_templates": {},
            "resource_id": "6fqmr2",
            "rest_api_id": "fhj9lxmerj",
            "timeout_milliseconds": 29000,
            "tls_config": [],
            "type": "AWS",
            "uri": "arn:aws:apigateway:us-east-1:lambda:path/2015-03-31/functions/arn:aws:lambda:us-east-1:381491839053:function:get-all-courses/invocations"
          },
          "sensitive_attributes": [],
          "private": "bnVsbA==",
          "dependencies": [
            "module.api.aws_api_gateway_method.get_all_courses",
            "module.api.aws_api_gateway_resource.courses",
            "module.api.aws_api_gateway_rest_api.this_api",
            "module.iam.aws_iam_role.get_all_courses_lambda_role",
            "module.lambda.aws_lambda_function.get_all_courses",
            "module.lambda.data.archive_file.get_all_courses"
          ]
        }
      ]
    },
    {
      "module": "module.api",
      "mode": "managed",
      "type": "aws_api_gateway_integration",
      "name": "get_course",
      "provider": "provider[\"registry.terraform.io/hashicorp/aws\"]",
      "instances": [
        {
          "schema_version": 0,
          "attributes": {
            "cache_key_parameters": [],
            "cache_namespace": "vjbxg4",
            "connection_id": "",
            "connection_type": "INTERNET",
            "content_handling": "",
            "credentials": "",
            "http_method": "GET",
            "id": "agi-fhj9lxmerj-vjbxg4-GET",
            "integration_http_method": "POST",
            "passthrough_behavior": "WHEN_NO_MATCH",
            "request_parameters": {},
            "request_templates": {
              "application/json": "{\"id\": \"$input.params('id')\"}"
            },
            "resource_id": "vjbxg4",
            "rest_api_id": "fhj9lxmerj",
            "timeout_milliseconds": 29000,
            "tls_config": [],
            "type": "AWS",
            "uri": "arn:aws:apigateway:us-east-1:lambda:path/2015-03-31/functions/arn:aws:lambda:us-east-1:381491839053:function:get-course/invocations"
          },
          "sensitive_attributes": [],
          "private": "bnVsbA==",
          "dependencies": [
            "module.api.aws_api_gateway_method.get_course",
            "module.api.aws_api_gateway_resource.course",
            "module.api.aws_api_gateway_resource.courses",
            "module.api.aws_api_gateway_rest_api.this_api",
            "module.iam.aws_iam_role.get_course_lambda_role",
            "module.lambda.aws_lambda_function.get_course",
            "module.lambda.data.archive_file.get_course"
          ]
        }
      ]
    },
    {
      "module": "module.api",
      "mode": "managed",
      "type": "aws_api_gateway_integration",
      "name": "options_authors",
      "provider": "provider[\"registry.terraform.io/hashicorp/aws\"]",
      "instances": [
        {
          "schema_version": 0,
          "attributes": {
            "cache_key_parameters": null,
            "cache_namespace": "pivv8k",
            "connection_id": "",
            "connection_type": "INTERNET",
            "content_handling": "",
            "credentials": "",
            "http_method": "OPTIONS",
            "id": "agi-fhj9lxmerj-pivv8k-OPTIONS",
            "integration_http_method": "",
            "passthrough_behavior": "WHEN_NO_MATCH",
            "request_parameters": null,
            "request_templates": {
              "application/json": "{\"statusCode\": 200}"
            },
            "resource_id": "pivv8k",
            "rest_api_id": "fhj9lxmerj",
            "timeout_milliseconds": 29000,
            "tls_config": [],
            "type": "MOCK",
            "uri": ""
          },
          "sensitive_attributes": [],
          "private": "bnVsbA==",
          "dependencies": [
            "module.api.aws_api_gateway_method.options_authors",
            "module.api.aws_api_gateway_resource.authors",
            "module.api.aws_api_gateway_rest_api.this_api"
          ],
          "create_before_destroy": true
        }
      ]
    },
    {
      "module": "module.api",
      "mode": "managed",
      "type": "aws_api_gateway_integration",
      "name": "options_course",
      "provider": "provider[\"registry.terraform.io/hashicorp/aws\"]",
      "instances": [
        {
          "schema_version": 0,
          "attributes": {
            "cache_key_parameters": null,
            "cache_namespace": "vjbxg4",
            "connection_id": "",
            "connection_type": "INTERNET",
            "content_handling": "",
            "credentials": "",
            "http_method": "OPTIONS",
            "id": "agi-fhj9lxmerj-vjbxg4-OPTIONS",
            "integration_http_method": "",
            "passthrough_behavior": "WHEN_NO_MATCH",
            "request_parameters": null,
            "request_templates": {
              "application/json": "{\"statusCode\": 200}"
            },
            "resource_id": "vjbxg4",
            "rest_api_id": "fhj9lxmerj",
            "timeout_milliseconds": 29000,
            "tls_config": [],
            "type": "MOCK",
            "uri": ""
          },
          "sensitive_attributes": [],
          "private": "bnVsbA==",
          "dependencies": [
            "module.api.aws_api_gateway_method.options_course",
            "module.api.aws_api_gateway_resource.course",
            "module.api.aws_api_gateway_resource.courses",
            "module.api.aws_api_gateway_rest_api.this_api"
          ],
          "create_before_destroy": true
        }
      ]
    },
    {
      "module": "module.api",
      "mode": "managed",
      "type": "aws_api_gateway_integration",
      "name": "options_courses",
      "provider": "provider[\"registry.terraform.io/hashicorp/aws\"]",
      "instances": [
        {
          "schema_version": 0,
          "attributes": {
            "cache_key_parameters": null,
            "cache_namespace": "6fqmr2",
            "connection_id": "",
            "connection_type": "INTERNET",
            "content_handling": "",
            "credentials": "",
            "http_method": "OPTIONS",
            "id": "agi-fhj9lxmerj-6fqmr2-OPTIONS",
            "integration_http_method": "",
            "passthrough_behavior": "WHEN_NO_MATCH",
            "request_parameters": null,
            "request_templates": {
              "application/json": "{\"statusCode\": 200}"
            },
            "resource_id": "6fqmr2",
            "rest_api_id": "fhj9lxmerj",
            "timeout_milliseconds": 29000,
            "tls_config": [],
            "type": "MOCK",
            "uri": ""
          },
          "sensitive_attributes": [],
          "private": "bnVsbA==",
          "dependencies": [
            "module.api.aws_api_gateway_method.options_courses",
            "module.api.aws_api_gateway_resource.courses",
            "module.api.aws_api_gateway_rest_api.this_api"
          ],
          "create_before_destroy": true
        }
      ]
    },
    {
      "module": "module.api",
      "mode": "managed",
      "type": "aws_api_gateway_integration",
      "name": "save_course",
      "provider": "provider[\"registry.terraform.io/hashicorp/aws\"]",
      "instances": [
        {
          "schema_version": 0,
          "attributes": {
            "cache_key_parameters": [],
            "cache_namespace": "6fqmr2",
            "connection_id": "",
            "connection_type": "INTERNET",
            "content_handling": "",
            "credentials": "",
            "http_method": "POST",
            "id": "agi-fhj9lxmerj-6fqmr2-POST",
            "integration_http_method": "POST",
            "passthrough_behavior": "WHEN_NO_MATCH",
            "request_parameters": {},
            "request_templates": {
              "application/xml": "{\r\n   \"body\" : $input.json('$')\r\n}\r\n"
            },
            "resource_id": "6fqmr2",
            "rest_api_id": "fhj9lxmerj",
            "timeout_milliseconds": 29000,
            "tls_config": [],
            "type": "AWS",
            "uri": "arn:aws:apigateway:us-east-1:lambda:path/2015-03-31/functions/arn:aws:lambda:us-east-1:381491839053:function:save-course/invocations"
          },
          "sensitive_attributes": [],
          "private": "bnVsbA==",
          "dependencies": [
            "module.api.aws_api_gateway_method.save_course",
            "module.api.aws_api_gateway_model.post_course",
            "module.api.aws_api_gateway_resource.courses",
            "module.api.aws_api_gateway_rest_api.this_api",
            "module.iam.aws_iam_role.save_course_lambda_role",
            "module.lambda.aws_lambda_function.save_course",
            "module.lambda.data.archive_file.save_course"
          ]
        }
      ]
    },
    {
      "module": "module.api",
      "mode": "managed",
      "type": "aws_api_gateway_integration",
      "name": "update_course",
      "provider": "provider[\"registry.terraform.io/hashicorp/aws\"]",
      "instances": [
        {
          "schema_version": 0,
          "attributes": {
            "cache_key_parameters": [],
            "cache_namespace": "vjbxg4",
            "connection_id": "",
            "connection_type": "INTERNET",
            "content_handling": "",
            "credentials": "",
            "http_method": "PUT",
            "id": "agi-fhj9lxmerj-vjbxg4-PUT",
            "integration_http_method": "POST",
            "passthrough_behavior": "WHEN_NO_MATCH",
            "request_parameters": {},
            "request_templates": {
              "application/xml": "{\r\n   \"body\" : $input.json('$')\r\n}\r\n"
            },
            "resource_id": "vjbxg4",
            "rest_api_id": "fhj9lxmerj",
            "timeout_milliseconds": 29000,
            "tls_config": [],
            "type": "AWS",
            "uri": "arn:aws:apigateway:us-east-1:lambda:path/2015-03-31/functions/arn:aws:lambda:us-east-1:381491839053:function:update-course/invocations"
          },
          "sensitive_attributes": [],
          "private": "bnVsbA==",
          "dependencies": [
            "module.api.aws_api_gateway_method.update_course",
            "module.api.aws_api_gateway_model.update_course",
            "module.api.aws_api_gateway_resource.course",
            "module.api.aws_api_gateway_resource.courses",
            "module.api.aws_api_gateway_rest_api.this_api",
            "module.iam.aws_iam_role.update_course_lambda_role",
            "module.lambda.aws_lambda_function.update_course",
            "module.lambda.data.archive_file.update_course"
          ]
        }
      ]
    },
    {
      "module": "module.api",
      "mode": "managed",
      "type": "aws_api_gateway_integration_response",
      "name": "delete_course",
      "provider": "provider[\"registry.terraform.io/hashicorp/aws\"]",
      "instances": [
        {
          "schema_version": 0,
          "attributes": {
            "content_handling": "",
            "http_method": "DELETE",
            "id": "agir-fhj9lxmerj-vjbxg4-DELETE-200",
            "resource_id": "vjbxg4",
            "response_parameters": {
              "method.response.header.Access-Control-Allow-Headers": "'Content-Type,X-Amz-Date,Authorization,X-Api-Key,X-Amz-Security-Token,X-Amz-User-Agent'",
              "method.response.header.Access-Control-Allow-Methods": "'GET, OPTIONS, DELETE, PUT'",
              "method.response.header.Access-Control-Allow-Origin": "'*'"
            },
            "response_templates": null,
            "rest_api_id": "fhj9lxmerj",
            "selection_pattern": "",
            "status_code": "200"
          },
          "sensitive_attributes": [],
          "private": "bnVsbA==",
          "dependencies": [
            "module.api.aws_api_gateway_method.delete_course",
            "module.api.aws_api_gateway_method_response.delete_course",
            "module.api.aws_api_gateway_resource.course",
            "module.api.aws_api_gateway_resource.courses",
            "module.api.aws_api_gateway_rest_api.this_api"
          ]
        }
      ]
    },
    {
      "module": "module.api",
      "mode": "managed",
      "type": "aws_api_gateway_integration_response",
      "name": "get_all_authors",
      "provider": "provider[\"registry.terraform.io/hashicorp/aws\"]",
      "instances": [
        {
          "schema_version": 0,
          "attributes": {
            "content_handling": "",
            "http_method": "GET",
            "id": "agir-fhj9lxmerj-pivv8k-GET-200",
            "resource_id": "pivv8k",
            "response_parameters": {
              "method.response.header.Access-Control-Allow-Headers": "'Content-Type,X-Amz-Date,Authorization,X-Api-Key,X-Amz-Security-Token,X-Amz-User-Agent'",
              "method.response.header.Access-Control-Allow-Methods": "'GET,OPTIONS'",
              "method.response.header.Access-Control-Allow-Origin": "'*'"
            },
            "response_templates": null,
            "rest_api_id": "fhj9lxmerj",
            "selection_pattern": "",
            "status_code": "200"
          },
          "sensitive_attributes": [],
          "private": "bnVsbA==",
          "dependencies": [
            "module.api.aws_api_gateway_method.get_all_authors",
            "module.api.aws_api_gateway_method_response.get_all_authors",
            "module.api.aws_api_gateway_resource.authors",
            "module.api.aws_api_gateway_rest_api.this_api"
          ]
        }
      ]
    },
    {
      "module": "module.api",
      "mode": "managed",
      "type": "aws_api_gateway_integration_response",
      "name": "get_all_courses",
      "provider": "provider[\"registry.terraform.io/hashicorp/aws\"]",
      "instances": [
        {
          "schema_version": 0,
          "attributes": {
            "content_handling": "",
            "http_method": "GET",
            "id": "agir-fhj9lxmerj-6fqmr2-GET-200",
            "resource_id": "6fqmr2",
            "response_parameters": {
              "method.response.header.Access-Control-Allow-Headers": "'Content-Type,X-Amz-Date,Authorization,X-Api-Key,X-Amz-Security-Token,X-Amz-User-Agent'",
              "method.response.header.Access-Control-Allow-Methods": "'GET, OPTIONS'",
              "method.response.header.Access-Control-Allow-Origin": "'*'"
            },
            "response_templates": null,
            "rest_api_id": "fhj9lxmerj",
            "selection_pattern": "",
            "status_code": "200"
          },
          "sensitive_attributes": [],
          "private": "bnVsbA==",
          "dependencies": [
            "module.api.aws_api_gateway_method.get_all_courses",
            "module.api.aws_api_gateway_method_response.get_all_courses",
            "module.api.aws_api_gateway_resource.courses",
            "module.api.aws_api_gateway_rest_api.this_api"
          ]
        }
      ]
    },
    {
      "module": "module.api",
      "mode": "managed",
      "type": "aws_api_gateway_integration_response",
      "name": "get_course",
      "provider": "provider[\"registry.terraform.io/hashicorp/aws\"]",
      "instances": [
        {
          "schema_version": 0,
          "attributes": {
            "content_handling": "",
            "http_method": "GET",
            "id": "agir-fhj9lxmerj-vjbxg4-GET-200",
            "resource_id": "vjbxg4",
            "response_parameters": {
              "method.response.header.Access-Control-Allow-Headers": "'Content-Type,X-Amz-Date,Authorization,X-Api-Key,X-Amz-Security-Token,X-Amz-User-Agent'",
              "method.response.header.Access-Control-Allow-Methods": "'GET, OPTIONS'",
              "method.response.header.Access-Control-Allow-Origin": "'*'"
            },
            "response_templates": null,
            "rest_api_id": "fhj9lxmerj",
            "selection_pattern": "",
            "status_code": "200"
          },
          "sensitive_attributes": [],
          "private": "bnVsbA==",
          "dependencies": [
            "module.api.aws_api_gateway_method.get_course",
            "module.api.aws_api_gateway_method_response.get_course",
            "module.api.aws_api_gateway_resource.course",
            "module.api.aws_api_gateway_resource.courses",
            "module.api.aws_api_gateway_rest_api.this_api"
          ]
        }
      ]
    },
    {
      "module": "module.api",
      "mode": "managed",
      "type": "aws_api_gateway_integration_response",
      "name": "options_authors",
      "provider": "provider[\"registry.terraform.io/hashicorp/aws\"]",
      "instances": [
        {
          "schema_version": 0,
          "attributes": {
            "content_handling": "",
            "http_method": "OPTIONS",
            "id": "agir-fhj9lxmerj-pivv8k-OPTIONS-200",
            "resource_id": "pivv8k",
            "response_parameters": {
              "method.response.header.Access-Control-Allow-Headers": "'Content-Type,X-Amz-Date,Authorization,X-Api-Key,X-Amz-Security-Token'",
              "method.response.header.Access-Control-Allow-Methods": "'GET,OPTIONS,POST,PUT'",
              "method.response.header.Access-Control-Allow-Origin": "'*'"
            },
            "response_templates": {},
            "rest_api_id": "fhj9lxmerj",
            "selection_pattern": "",
            "status_code": "200"
          },
          "sensitive_attributes": [],
          "private": "bnVsbA==",
          "dependencies": [
            "module.api.aws_api_gateway_integration.options_authors",
            "module.api.aws_api_gateway_method.options_authors",
            "module.api.aws_api_gateway_method_response.options_authors",
            "module.api.aws_api_gateway_resource.authors",
            "module.api.aws_api_gateway_rest_api.this_api"
          ],
          "create_before_destroy": true
        }
      ]
    },
    {
      "module": "module.api",
      "mode": "managed",
      "type": "aws_api_gateway_integration_response",
      "name": "options_course",
      "provider": "provider[\"registry.terraform.io/hashicorp/aws\"]",
      "instances": [
        {
          "schema_version": 0,
          "attributes": {
            "content_handling": "",
            "http_method": "OPTIONS",
            "id": "agir-fhj9lxmerj-vjbxg4-OPTIONS-200",
            "resource_id": "vjbxg4",
            "response_parameters": {
              "method.response.header.Access-Control-Allow-Headers": "'Content-Type,X-Amz-Date,Authorization,X-Api-Key,X-Amz-Security-Token'",
              "method.response.header.Access-Control-Allow-Methods": "'GET, PUT, OPTIONS, DELETE'",
              "method.response.header.Access-Control-Allow-Origin": "'*'"
            },
            "response_templates": {},
            "rest_api_id": "fhj9lxmerj",
            "selection_pattern": "",
            "status_code": "200"
          },
          "sensitive_attributes": [],
          "private": "bnVsbA==",
          "dependencies": [
            "module.api.aws_api_gateway_integration.options_course",
            "module.api.aws_api_gateway_method.options_course",
            "module.api.aws_api_gateway_method_response.options_course",
            "module.api.aws_api_gateway_resource.course",
            "module.api.aws_api_gateway_resource.courses",
            "module.api.aws_api_gateway_rest_api.this_api"
          ],
          "create_before_destroy": true
        }
      ]
    },
    {
      "module": "module.api",
      "mode": "managed",
      "type": "aws_api_gateway_integration_response",
      "name": "options_courses",
      "provider": "provider[\"registry.terraform.io/hashicorp/aws\"]",
      "instances": [
        {
          "schema_version": 0,
          "attributes": {
            "content_handling": "",
            "http_method": "OPTIONS",
            "id": "agir-fhj9lxmerj-6fqmr2-OPTIONS-200",
            "resource_id": "6fqmr2",
            "response_parameters": {
              "method.response.header.Access-Control-Allow-Headers": "'Content-Type,X-Amz-Date,Authorization,X-Api-Key,X-Amz-Security-Token'",
              "method.response.header.Access-Control-Allow-Methods": "'GET, OPTIONS, POST, PUT'",
              "method.response.header.Access-Control-Allow-Origin": "'*'"
            },
            "response_templates": {},
            "rest_api_id": "fhj9lxmerj",
            "selection_pattern": "",
            "status_code": "200"
          },
          "sensitive_attributes": [],
          "private": "bnVsbA==",
          "dependencies": [
            "module.api.aws_api_gateway_integration.options_courses",
            "module.api.aws_api_gateway_method.options_courses",
            "module.api.aws_api_gateway_method_response.options_courses",
            "module.api.aws_api_gateway_resource.courses",
            "module.api.aws_api_gateway_rest_api.this_api"
          ],
          "create_before_destroy": true
        }
      ]
    },
    {
      "module": "module.api",
      "mode": "managed",
      "type": "aws_api_gateway_integration_response",
      "name": "save_course",
      "provider": "provider[\"registry.terraform.io/hashicorp/aws\"]",
      "instances": [
        {
          "schema_version": 0,
          "attributes": {
            "content_handling": "",
            "http_method": "POST",
            "id": "agir-fhj9lxmerj-6fqmr2-POST-200",
            "resource_id": "6fqmr2",
            "response_parameters": {
              "method.response.header.Access-Control-Allow-Headers": "'Content-Type,X-Amz-Date,Authorization,X-Api-Key,X-Amz-Security-Token,X-Amz-User-Agent'",
              "method.response.header.Access-Control-Allow-Methods": "'GET, OPTIONS, POST'",
              "method.response.header.Access-Control-Allow-Origin": "'*'"
            },
            "response_templates": {},
            "rest_api_id": "fhj9lxmerj",
            "selection_pattern": "",
            "status_code": "200"
          },
          "sensitive_attributes": [],
          "private": "bnVsbA==",
          "dependencies": [
            "module.api.aws_api_gateway_integration.save_course",
            "module.api.aws_api_gateway_method.save_course",
            "module.api.aws_api_gateway_method_response.save_course",
            "module.api.aws_api_gateway_model.post_course",
            "module.api.aws_api_gateway_resource.courses",
            "module.api.aws_api_gateway_rest_api.this_api",
            "module.iam.aws_iam_role.save_course_lambda_role",
            "module.lambda.aws_lambda_function.save_course",
            "module.lambda.data.archive_file.save_course"
          ]
        }
      ]
    },
    {
      "module": "module.api",
      "mode": "managed",
      "type": "aws_api_gateway_integration_response",
      "name": "update_course",
      "provider": "provider[\"registry.terraform.io/hashicorp/aws\"]",
      "instances": [
        {
          "schema_version": 0,
          "attributes": {
            "content_handling": "",
            "http_method": "PUT",
            "id": "agir-fhj9lxmerj-vjbxg4-PUT-200",
            "resource_id": "vjbxg4",
            "response_parameters": {
              "method.response.header.Access-Control-Allow-Headers": "'Content-Type,X-Amz-Date,Authorization,X-Api-Key,X-Amz-Security-Token,X-Amz-User-Agent'",
              "method.response.header.Access-Control-Allow-Methods": "'PUT, OPTIONS'",
              "method.response.header.Access-Control-Allow-Origin": "'*'"
            },
            "response_templates": {},
            "rest_api_id": "fhj9lxmerj",
            "selection_pattern": "",
            "status_code": "200"
          },
          "sensitive_attributes": [],
          "private": "bnVsbA==",
          "dependencies": [
            "module.api.aws_api_gateway_integration.update_course",
            "module.api.aws_api_gateway_method.update_course",
            "module.api.aws_api_gateway_method_response.update_course",
            "module.api.aws_api_gateway_model.update_course",
            "module.api.aws_api_gateway_resource.course",
            "module.api.aws_api_gateway_resource.courses",
            "module.api.aws_api_gateway_rest_api.this_api",
            "module.iam.aws_iam_role.update_course_lambda_role",
            "module.lambda.aws_lambda_function.update_course",
            "module.lambda.data.archive_file.update_course"
          ]
        }
      ]
    },
    {
      "module": "module.api",
      "mode": "managed",
      "type": "aws_api_gateway_method",
      "name": "delete_course",
      "provider": "provider[\"registry.terraform.io/hashicorp/aws\"]",
      "instances": [
        {
          "schema_version": 0,
          "attributes": {
            "api_key_required": false,
            "authorization": "NONE",
            "authorization_scopes": [],
            "authorizer_id": "",
            "http_method": "DELETE",
            "id": "agm-fhj9lxmerj-vjbxg4-DELETE",
            "operation_name": "",
            "request_models": {},
            "request_parameters": {},
            "request_validator_id": "",
            "resource_id": "vjbxg4",
            "rest_api_id": "fhj9lxmerj"
          },
          "sensitive_attributes": [],
          "private": "bnVsbA==",
          "dependencies": [
            "module.api.aws_api_gateway_resource.course",
            "module.api.aws_api_gateway_resource.courses",
            "module.api.aws_api_gateway_rest_api.this_api"
          ]
        }
      ]
    },
    {
      "module": "module.api",
      "mode": "managed",
      "type": "aws_api_gateway_method",
      "name": "get_all_authors",
      "provider": "provider[\"registry.terraform.io/hashicorp/aws\"]",
      "instances": [
        {
          "schema_version": 0,
          "attributes": {
            "api_key_required": false,
            "authorization": "NONE",
            "authorization_scopes": [],
            "authorizer_id": "",
            "http_method": "GET",
            "id": "agm-fhj9lxmerj-pivv8k-GET",
            "operation_name": "",
            "request_models": {},
            "request_parameters": {},
            "request_validator_id": "",
            "resource_id": "pivv8k",
            "rest_api_id": "fhj9lxmerj"
          },
          "sensitive_attributes": [],
          "private": "bnVsbA==",
          "dependencies": [
            "module.api.aws_api_gateway_resource.authors",
            "module.api.aws_api_gateway_rest_api.this_api"
          ]
        }
      ]
    },
    {
      "module": "module.api",
      "mode": "managed",
      "type": "aws_api_gateway_method",
      "name": "get_all_courses",
      "provider": "provider[\"registry.terraform.io/hashicorp/aws\"]",
      "instances": [
        {
          "schema_version": 0,
          "attributes": {
            "api_key_required": false,
            "authorization": "NONE",
            "authorization_scopes": [],
            "authorizer_id": "",
            "http_method": "GET",
            "id": "agm-fhj9lxmerj-6fqmr2-GET",
            "operation_name": "",
            "request_models": {},
            "request_parameters": {},
            "request_validator_id": "",
            "resource_id": "6fqmr2",
            "rest_api_id": "fhj9lxmerj"
          },
          "sensitive_attributes": [],
          "private": "bnVsbA==",
          "dependencies": [
            "module.api.aws_api_gateway_resource.courses",
            "module.api.aws_api_gateway_rest_api.this_api"
          ]
        }
      ]
    },
    {
      "module": "module.api",
      "mode": "managed",
      "type": "aws_api_gateway_method",
      "name": "get_course",
      "provider": "provider[\"registry.terraform.io/hashicorp/aws\"]",
      "instances": [
        {
          "schema_version": 0,
          "attributes": {
            "api_key_required": false,
            "authorization": "NONE",
            "authorization_scopes": [],
            "authorizer_id": "",
            "http_method": "GET",
            "id": "agm-fhj9lxmerj-vjbxg4-GET",
            "operation_name": "",
            "request_models": {},
            "request_parameters": {},
            "request_validator_id": "",
            "resource_id": "vjbxg4",
            "rest_api_id": "fhj9lxmerj"
          },
          "sensitive_attributes": [],
          "private": "bnVsbA==",
          "dependencies": [
            "module.api.aws_api_gateway_resource.course",
            "module.api.aws_api_gateway_resource.courses",
            "module.api.aws_api_gateway_rest_api.this_api"
          ]
        }
      ]
    },
    {
      "module": "module.api",
      "mode": "managed",
      "type": "aws_api_gateway_method",
      "name": "options_authors",
      "provider": "provider[\"registry.terraform.io/hashicorp/aws\"]",
      "instances": [
        {
          "schema_version": 0,
          "attributes": {
            "api_key_required": false,
            "authorization": "NONE",
            "authorization_scopes": [],
            "authorizer_id": "",
            "http_method": "OPTIONS",
            "id": "agm-fhj9lxmerj-pivv8k-OPTIONS",
            "operation_name": "",
            "request_models": {},
            "request_parameters": {},
            "request_validator_id": "",
            "resource_id": "pivv8k",
            "rest_api_id": "fhj9lxmerj"
          },
          "sensitive_attributes": [],
          "private": "bnVsbA==",
          "dependencies": [
            "module.api.aws_api_gateway_resource.authors",
            "module.api.aws_api_gateway_rest_api.this_api"
          ],
          "create_before_destroy": true
        }
      ]
    },
    {
      "module": "module.api",
      "mode": "managed",
      "type": "aws_api_gateway_method",
      "name": "options_course",
      "provider": "provider[\"registry.terraform.io/hashicorp/aws\"]",
      "instances": [
        {
          "schema_version": 0,
          "attributes": {
            "api_key_required": false,
            "authorization": "NONE",
            "authorization_scopes": [],
            "authorizer_id": "",
            "http_method": "OPTIONS",
            "id": "agm-fhj9lxmerj-vjbxg4-OPTIONS",
            "operation_name": "",
            "request_models": {},
            "request_parameters": {},
            "request_validator_id": "",
            "resource_id": "vjbxg4",
            "rest_api_id": "fhj9lxmerj"
          },
          "sensitive_attributes": [],
          "private": "bnVsbA==",
          "dependencies": [
            "module.api.aws_api_gateway_resource.course",
            "module.api.aws_api_gateway_resource.courses",
            "module.api.aws_api_gateway_rest_api.this_api"
          ],
          "create_before_destroy": true
        }
      ]
    },
    {
      "module": "module.api",
      "mode": "managed",
      "type": "aws_api_gateway_method",
      "name": "options_courses",
      "provider": "provider[\"registry.terraform.io/hashicorp/aws\"]",
      "instances": [
        {
          "schema_version": 0,
          "attributes": {
            "api_key_required": false,
            "authorization": "NONE",
            "authorization_scopes": [],
            "authorizer_id": "",
            "http_method": "OPTIONS",
            "id": "agm-fhj9lxmerj-6fqmr2-OPTIONS",
            "operation_name": "",
            "request_models": {},
            "request_parameters": {},
            "request_validator_id": "",
            "resource_id": "6fqmr2",
            "rest_api_id": "fhj9lxmerj"
          },
          "sensitive_attributes": [],
          "private": "bnVsbA==",
          "dependencies": [
            "module.api.aws_api_gateway_resource.courses",
            "module.api.aws_api_gateway_rest_api.this_api"
          ],
          "create_before_destroy": true
        }
      ]
    },
    {
      "module": "module.api",
      "mode": "managed",
      "type": "aws_api_gateway_method",
      "name": "save_course",
      "provider": "provider[\"registry.terraform.io/hashicorp/aws\"]",
      "instances": [
        {
          "schema_version": 0,
          "attributes": {
            "api_key_required": false,
            "authorization": "NONE",
            "authorization_scopes": [],
            "authorizer_id": "",
            "http_method": "POST",
            "id": "agm-fhj9lxmerj-6fqmr2-POST",
            "operation_name": "",
            "request_models": {
              "application/json": "PostCourse"
            },
            "request_parameters": {},
            "request_validator_id": "",
            "resource_id": "6fqmr2",
            "rest_api_id": "fhj9lxmerj"
          },
          "sensitive_attributes": [],
          "private": "bnVsbA==",
          "dependencies": [
            "module.api.aws_api_gateway_model.post_course",
            "module.api.aws_api_gateway_resource.courses",
            "module.api.aws_api_gateway_rest_api.this_api"
          ]
        }
      ]
    },
    {
      "module": "module.api",
      "mode": "managed",
      "type": "aws_api_gateway_method",
      "name": "update_course",
      "provider": "provider[\"registry.terraform.io/hashicorp/aws\"]",
      "instances": [
        {
          "schema_version": 0,
          "attributes": {
            "api_key_required": false,
            "authorization": "NONE",
            "authorization_scopes": [],
            "authorizer_id": "",
            "http_method": "PUT",
            "id": "agm-fhj9lxmerj-vjbxg4-PUT",
            "operation_name": "",
            "request_models": {
              "application/json": "UpdateCourse"
            },
            "request_parameters": {},
            "request_validator_id": "",
            "resource_id": "vjbxg4",
            "rest_api_id": "fhj9lxmerj"
          },
          "sensitive_attributes": [],
          "private": "bnVsbA==",
          "dependencies": [
            "module.api.aws_api_gateway_model.update_course",
            "module.api.aws_api_gateway_resource.course",
            "module.api.aws_api_gateway_resource.courses",
            "module.api.aws_api_gateway_rest_api.this_api"
          ]
        }
      ]
    },
    {
      "module": "module.api",
      "mode": "managed",
      "type": "aws_api_gateway_method_response",
      "name": "delete_course",
      "provider": "provider[\"registry.terraform.io/hashicorp/aws\"]",
      "instances": [
        {
          "schema_version": 0,
          "attributes": {
            "http_method": "DELETE",
            "id": "agmr-fhj9lxmerj-vjbxg4-DELETE-200",
            "resource_id": "vjbxg4",
            "response_models": {
              "application/json": "Empty"
            },
            "response_parameters": {
              "method.response.header.Access-Control-Allow-Headers": true,
              "method.response.header.Access-Control-Allow-Methods": true,
              "method.response.header.Access-Control-Allow-Origin": true
            },
            "rest_api_id": "fhj9lxmerj",
            "status_code": "200"
          },
          "sensitive_attributes": [],
          "private": "bnVsbA==",
          "dependencies": [
            "module.api.aws_api_gateway_method.delete_course",
            "module.api.aws_api_gateway_resource.course",
            "module.api.aws_api_gateway_resource.courses",
            "module.api.aws_api_gateway_rest_api.this_api"
          ]
        }
      ]
    },
    {
      "module": "module.api",
      "mode": "managed",
      "type": "aws_api_gateway_method_response",
      "name": "get_all_authors",
      "provider": "provider[\"registry.terraform.io/hashicorp/aws\"]",
      "instances": [
        {
          "schema_version": 0,
          "attributes": {
            "http_method": "GET",
            "id": "agmr-fhj9lxmerj-pivv8k-GET-200",
            "resource_id": "pivv8k",
            "response_models": {},
            "response_parameters": {
              "method.response.header.Access-Control-Allow-Headers": true,
              "method.response.header.Access-Control-Allow-Methods": true,
              "method.response.header.Access-Control-Allow-Origin": true
            },
            "rest_api_id": "fhj9lxmerj",
            "status_code": "200"
          },
          "sensitive_attributes": [],
          "private": "bnVsbA==",
          "dependencies": [
            "module.api.aws_api_gateway_method.get_all_authors",
            "module.api.aws_api_gateway_resource.authors",
            "module.api.aws_api_gateway_rest_api.this_api"
          ]
        }
      ]
    },
    {
      "module": "module.api",
      "mode": "managed",
      "type": "aws_api_gateway_method_response",
      "name": "get_all_courses",
      "provider": "provider[\"registry.terraform.io/hashicorp/aws\"]",
      "instances": [
        {
          "schema_version": 0,
          "attributes": {
            "http_method": "GET",
            "id": "agmr-fhj9lxmerj-6fqmr2-GET-200",
            "resource_id": "6fqmr2",
            "response_models": {
              "application/json": "Empty"
            },
            "response_parameters": {
              "method.response.header.Access-Control-Allow-Headers": true,
              "method.response.header.Access-Control-Allow-Methods": true,
              "method.response.header.Access-Control-Allow-Origin": true
            },
            "rest_api_id": "fhj9lxmerj",
            "status_code": "200"
          },
          "sensitive_attributes": [],
          "private": "bnVsbA==",
          "dependencies": [
            "module.api.aws_api_gateway_method.get_all_courses",
            "module.api.aws_api_gateway_resource.courses",
            "module.api.aws_api_gateway_rest_api.this_api"
          ]
        }
      ]
    },
    {
      "module": "module.api",
      "mode": "managed",
      "type": "aws_api_gateway_method_response",
      "name": "get_course",
      "provider": "provider[\"registry.terraform.io/hashicorp/aws\"]",
      "instances": [
        {
          "schema_version": 0,
          "attributes": {
            "http_method": "GET",
            "id": "agmr-fhj9lxmerj-vjbxg4-GET-200",
            "resource_id": "vjbxg4",
            "response_models": {
              "application/json": "Empty"
            },
            "response_parameters": {
              "method.response.header.Access-Control-Allow-Headers": true,
              "method.response.header.Access-Control-Allow-Methods": true,
              "method.response.header.Access-Control-Allow-Origin": true
            },
            "rest_api_id": "fhj9lxmerj",
            "status_code": "200"
          },
          "sensitive_attributes": [],
          "private": "bnVsbA==",
          "dependencies": [
            "module.api.aws_api_gateway_method.get_course",
            "module.api.aws_api_gateway_resource.course",
            "module.api.aws_api_gateway_resource.courses",
            "module.api.aws_api_gateway_rest_api.this_api"
          ]
        }
      ]
    },
    {
      "module": "module.api",
      "mode": "managed",
      "type": "aws_api_gateway_method_response",
      "name": "options_authors",
      "provider": "provider[\"registry.terraform.io/hashicorp/aws\"]",
      "instances": [
        {
          "schema_version": 0,
          "attributes": {
            "http_method": "OPTIONS",
            "id": "agmr-fhj9lxmerj-pivv8k-OPTIONS-200",
            "resource_id": "pivv8k",
            "response_models": {},
            "response_parameters": {
              "method.response.header.Access-Control-Allow-Headers": true,
              "method.response.header.Access-Control-Allow-Methods": true,
              "method.response.header.Access-Control-Allow-Origin": true
            },
            "rest_api_id": "fhj9lxmerj",
            "status_code": "200"
          },
          "sensitive_attributes": [],
          "private": "bnVsbA==",
          "dependencies": [
            "module.api.aws_api_gateway_method.options_authors",
            "module.api.aws_api_gateway_resource.authors",
            "module.api.aws_api_gateway_rest_api.this_api"
          ],
          "create_before_destroy": true
        }
      ]
    },
    {
      "module": "module.api",
      "mode": "managed",
      "type": "aws_api_gateway_method_response",
      "name": "options_course",
      "provider": "provider[\"registry.terraform.io/hashicorp/aws\"]",
      "instances": [
        {
          "schema_version": 0,
          "attributes": {
            "http_method": "OPTIONS",
            "id": "agmr-fhj9lxmerj-vjbxg4-OPTIONS-200",
            "resource_id": "vjbxg4",
            "response_models": {},
            "response_parameters": {
              "method.response.header.Access-Control-Allow-Headers": true,
              "method.response.header.Access-Control-Allow-Methods": true,
              "method.response.header.Access-Control-Allow-Origin": true
            },
            "rest_api_id": "fhj9lxmerj",
            "status_code": "200"
          },
          "sensitive_attributes": [],
          "private": "bnVsbA==",
          "dependencies": [
            "module.api.aws_api_gateway_method.options_course",
            "module.api.aws_api_gateway_resource.course",
            "module.api.aws_api_gateway_resource.courses",
            "module.api.aws_api_gateway_rest_api.this_api"
          ],
          "create_before_destroy": true
        }
      ]
    },
    {
      "module": "module.api",
      "mode": "managed",
      "type": "aws_api_gateway_method_response",
      "name": "options_courses",
      "provider": "provider[\"registry.terraform.io/hashicorp/aws\"]",
      "instances": [
        {
          "schema_version": 0,
          "attributes": {
            "http_method": "OPTIONS",
            "id": "agmr-fhj9lxmerj-6fqmr2-OPTIONS-200",
            "resource_id": "6fqmr2",
            "response_models": {},
            "response_parameters": {
              "method.response.header.Access-Control-Allow-Headers": true,
              "method.response.header.Access-Control-Allow-Methods": true,
              "method.response.header.Access-Control-Allow-Origin": true
            },
            "rest_api_id": "fhj9lxmerj",
            "status_code": "200"
          },
          "sensitive_attributes": [],
          "private": "bnVsbA==",
          "dependencies": [
            "module.api.aws_api_gateway_method.options_courses",
            "module.api.aws_api_gateway_resource.courses",
            "module.api.aws_api_gateway_rest_api.this_api"
          ],
          "create_before_destroy": true
        }
      ]
    },
    {
      "module": "module.api",
      "mode": "managed",
      "type": "aws_api_gateway_method_response",
      "name": "save_course",
      "provider": "provider[\"registry.terraform.io/hashicorp/aws\"]",
      "instances": [
        {
          "schema_version": 0,
          "attributes": {
            "http_method": "POST",
            "id": "agmr-fhj9lxmerj-6fqmr2-POST-200",
            "resource_id": "6fqmr2",
            "response_models": {
              "application/json": "Empty"
            },
            "response_parameters": {
              "method.response.header.Access-Control-Allow-Headers": true,
              "method.response.header.Access-Control-Allow-Methods": true,
              "method.response.header.Access-Control-Allow-Origin": true
            },
            "rest_api_id": "fhj9lxmerj",
            "status_code": "200"
          },
          "sensitive_attributes": [],
          "private": "bnVsbA==",
          "dependencies": [
            "module.api.aws_api_gateway_method.save_course",
            "module.api.aws_api_gateway_model.post_course",
            "module.api.aws_api_gateway_resource.courses",
            "module.api.aws_api_gateway_rest_api.this_api"
          ]
        }
      ]
    },
    {
      "module": "module.api",
      "mode": "managed",
      "type": "aws_api_gateway_method_response",
      "name": "update_course",
      "provider": "provider[\"registry.terraform.io/hashicorp/aws\"]",
      "instances": [
        {
          "schema_version": 0,
          "attributes": {
            "http_method": "PUT",
            "id": "agmr-fhj9lxmerj-vjbxg4-PUT-200",
            "resource_id": "vjbxg4",
            "response_models": {
              "application/json": "Empty"
            },
            "response_parameters": {
              "method.response.header.Access-Control-Allow-Credentials": false,
              "method.response.header.Access-Control-Allow-Headers": true,
              "method.response.header.Access-Control-Allow-Methods": true,
              "method.response.header.Access-Control-Allow-Origin": true
            },
            "rest_api_id": "fhj9lxmerj",
            "status_code": "200"
          },
          "sensitive_attributes": [],
          "private": "bnVsbA==",
          "dependencies": [
            "module.api.aws_api_gateway_method.update_course",
            "module.api.aws_api_gateway_model.update_course",
            "module.api.aws_api_gateway_resource.course",
            "module.api.aws_api_gateway_resource.courses",
            "module.api.aws_api_gateway_rest_api.this_api"
          ]
        }
      ]
    },
    {
      "module": "module.api",
      "mode": "managed",
      "type": "aws_api_gateway_model",
      "name": "post_course",
      "provider": "provider[\"registry.terraform.io/hashicorp/aws\"]",
      "instances": [
        {
          "schema_version": 0,
          "attributes": {
            "content_type": "application/json",
            "description": "a JSON schema",
            "id": "t9k88j",
            "name": "PostCourse",
            "rest_api_id": "fhj9lxmerj",
            "schema": "{\r\n  \"$schema\": \"http://json-schema.org/schema#\",\r\n  \"title\": \"CourseInputModel\",\r\n  \"type\": \"object\",\r\n  \"properties\": {\r\n    \"title\": {\"type\": \"string\"},\r\n    \"authorId\": {\"type\": \"string\"},\r\n    \"length\": {\"type\": \"string\"},\r\n    \"category\": {\"type\": \"string\"}\r\n  },\r\n  \"required\": [\"title\", \"authorId\", \"length\", \"category\"]\r\n}\r\n"
          },
          "sensitive_attributes": [],
          "private": "bnVsbA==",
          "dependencies": [
            "module.api.aws_api_gateway_rest_api.this_api"
          ]
        }
      ]
    },
    {
      "module": "module.api",
      "mode": "managed",
      "type": "aws_api_gateway_model",
      "name": "update_course",
      "provider": "provider[\"registry.terraform.io/hashicorp/aws\"]",
      "instances": [
        {
          "schema_version": 0,
          "attributes": {
            "content_type": "application/json",
            "description": "",
            "id": "s0j9eu",
            "name": "UpdateCourse",
            "rest_api_id": "fhj9lxmerj",
            "schema": "{\r\n  \"$schema\": \"http://json-schema.org/schema#\",\r\n  \"title\": \"CourseInputModel\",\r\n  \"type\": \"object\",\r\n  \"properties\": {\r\n    \"id\": {\"type\": \"string\"},\r\n    \"title\": {\"type\": \"string\"},\r\n    \"watchHref\": {\"type\": \"string\"},\r\n    \"authorId\": {\"type\": \"string\"},\r\n    \"length\": {\"type\": \"string\"},\r\n    \"category\": {\"type\": \"string\"}\r\n  },\r\n  \"required\": [\"id\",\"title\", \"watchHref\", \"authorId\", \"length\", \"category\"]\r\n}\r\n"
          },
          "sensitive_attributes": [],
          "private": "bnVsbA==",
          "dependencies": [
            "module.api.aws_api_gateway_rest_api.this_api"
          ]
        }
      ]
    },
    {
      "module": "module.api",
      "mode": "managed",
      "type": "aws_api_gateway_resource",
      "name": "authors",
      "provider": "provider[\"registry.terraform.io/hashicorp/aws\"]",
      "instances": [
        {
          "schema_version": 0,
          "attributes": {
            "id": "pivv8k",
            "parent_id": "3s9ban5d2f",
            "path": "/authors",
            "path_part": "authors",
            "rest_api_id": "fhj9lxmerj"
          },
          "sensitive_attributes": [],
          "private": "bnVsbA==",
          "dependencies": [
            "module.api.aws_api_gateway_rest_api.this_api"
          ],
          "create_before_destroy": true
        }
      ]
    },
    {
      "module": "module.api",
      "mode": "managed",
      "type": "aws_api_gateway_resource",
      "name": "course",
      "provider": "provider[\"registry.terraform.io/hashicorp/aws\"]",
      "instances": [
        {
          "schema_version": 0,
          "attributes": {
            "id": "vjbxg4",
            "parent_id": "6fqmr2",
            "path": "/courses/{id}",
            "path_part": "{id}",
            "rest_api_id": "fhj9lxmerj"
          },
          "sensitive_attributes": [],
          "private": "bnVsbA==",
          "dependencies": [
            "module.api.aws_api_gateway_resource.courses",
            "module.api.aws_api_gateway_rest_api.this_api"
          ],
          "create_before_destroy": true
        }
      ]
    },
    {
      "module": "module.api",
      "mode": "managed",
      "type": "aws_api_gateway_resource",
      "name": "courses",
      "provider": "provider[\"registry.terraform.io/hashicorp/aws\"]",
      "instances": [
        {
          "schema_version": 0,
          "attributes": {
            "id": "6fqmr2",
            "parent_id": "3s9ban5d2f",
            "path": "/courses",
            "path_part": "courses",
            "rest_api_id": "fhj9lxmerj"
          },
          "sensitive_attributes": [],
          "private": "bnVsbA==",
          "dependencies": [
            "module.api.aws_api_gateway_rest_api.this_api"
          ],
          "create_before_destroy": true
        }
      ]
    },
    {
      "module": "module.api",
      "mode": "managed",
      "type": "aws_api_gateway_rest_api",
      "name": "this_api",
      "provider": "provider[\"registry.terraform.io/hashicorp/aws\"]",
      "instances": [
        {
          "schema_version": 0,
          "attributes": {
            "api_key_source": "HEADER",
            "arn": "arn:aws:apigateway:us-east-1::/restapis/fhj9lxmerj",
            "binary_media_types": [],
            "body": null,
            "created_date": "2024-05-06T16:45:17Z",
            "description": "apishka",
            "disable_execute_api_endpoint": false,
            "endpoint_configuration": [
              {
                "types": [
                  "REGIONAL"
                ],
                "vpc_endpoint_ids": []
              }
            ],
            "execution_arn": "arn:aws:execute-api:us-east-1:381491839053:fhj9lxmerj",
            "fail_on_warnings": null,
            "id": "fhj9lxmerj",
            "minimum_compression_size": "",
            "name": "APISHKA",
            "parameters": null,
            "policy": "",
            "put_rest_api_mode": null,
            "root_resource_id": "3s9ban5d2f",
            "tags": {},
            "tags_all": {}
          },
          "sensitive_attributes": [],
          "private": "bnVsbA==",
          "create_before_destroy": true
        }
      ]
    },
    {
      "module": "module.api",
      "mode": "managed",
      "type": "aws_api_gateway_stage",
      "name": "dev",
      "provider": "provider[\"registry.terraform.io/hashicorp/aws\"]",
      "instances": [
        {
          "schema_version": 0,
          "attributes": {
            "access_log_settings": [],
            "arn": "arn:aws:apigateway:us-east-1::/restapis/fhj9lxmerj/stages/dev",
            "cache_cluster_enabled": false,
            "cache_cluster_size": "",
            "canary_settings": [],
            "client_certificate_id": "",
            "deployment_id": "2xivvc",
            "description": "",
            "documentation_version": "",
            "execution_arn": "arn:aws:execute-api:us-east-1:381491839053:fhj9lxmerj/dev",
            "id": "ags-fhj9lxmerj-dev",
            "invoke_url": "https://fhj9lxmerj.execute-api.us-east-1.amazonaws.com/dev",
            "rest_api_id": "fhj9lxmerj",
            "stage_name": "dev",
            "tags": null,
            "tags_all": {},
            "variables": null,
            "web_acl_arn": "",
            "xray_tracing_enabled": false
          },
          "sensitive_attributes": [],
          "private": "bnVsbA==",
          "dependencies": [
            "module.api.aws_api_gateway_deployment.this",
            "module.api.aws_api_gateway_integration.options_authors",
            "module.api.aws_api_gateway_integration.options_course",
            "module.api.aws_api_gateway_integration.options_courses",
            "module.api.aws_api_gateway_integration_response.options_authors",
            "module.api.aws_api_gateway_integration_response.options_course",
            "module.api.aws_api_gateway_integration_response.options_courses",
            "module.api.aws_api_gateway_method.options_authors",
            "module.api.aws_api_gateway_method.options_course",
            "module.api.aws_api_gateway_method.options_courses",
            "module.api.aws_api_gateway_method_response.options_authors",
            "module.api.aws_api_gateway_method_response.options_course",
            "module.api.aws_api_gateway_method_response.options_courses",
            "module.api.aws_api_gateway_resource.authors",
            "module.api.aws_api_gateway_resource.course",
            "module.api.aws_api_gateway_resource.courses",
            "module.api.aws_api_gateway_rest_api.this_api"
          ]
        }
      ]
    },
    {
      "module": "module.api",
      "mode": "managed",
      "type": "aws_lambda_permission",
      "name": "delete_course",
      "provider": "provider[\"registry.terraform.io/hashicorp/aws\"]",
      "instances": [
        {
          "schema_version": 0,
          "attributes": {
            "action": "lambda:InvokeFunction",
            "event_source_token": null,
            "function_name": "arn:aws:lambda:us-east-1:381491839053:function:delete-course",
            "function_url_auth_type": null,
            "id": "AllowExecutionFromAPIGateway",
            "principal": "apigateway.amazonaws.com",
            "principal_org_id": null,
            "qualifier": "",
            "source_account": null,
            "source_arn": "arn:aws:execute-api:us-east-1:381491839053:fhj9lxmerj/*/*",
            "statement_id": "AllowExecutionFromAPIGateway",
            "statement_id_prefix": ""
          },
          "sensitive_attributes": [],
          "private": "bnVsbA==",
          "dependencies": [
            "module.api.aws_api_gateway_rest_api.this_api",
            "module.iam.aws_iam_role.delete_course_lambda_role",
            "module.lambda.aws_lambda_function.delete_course",
            "module.lambda.data.archive_file.delete_course"
          ]
        }
      ]
    },
    {
      "module": "module.api",
      "mode": "managed",
      "type": "aws_lambda_permission",
      "name": "get_all_authors",
      "provider": "provider[\"registry.terraform.io/hashicorp/aws\"]",
      "instances": [
        {
          "schema_version": 0,
          "attributes": {
            "action": "lambda:InvokeFunction",
            "event_source_token": null,
            "function_name": "arn:aws:lambda:us-east-1:381491839053:function:get-all-authors",
            "function_url_auth_type": null,
            "id": "AllowExecutionFromAPIGateway",
            "principal": "apigateway.amazonaws.com",
            "principal_org_id": null,
            "qualifier": "",
            "source_account": null,
            "source_arn": "arn:aws:execute-api:us-east-1:381491839053:fhj9lxmerj/*/*",
            "statement_id": "AllowExecutionFromAPIGateway",
            "statement_id_prefix": ""
          },
          "sensitive_attributes": [],
          "private": "bnVsbA==",
          "dependencies": [
            "module.api.aws_api_gateway_rest_api.this_api",
            "module.iam.aws_iam_role.get_all_authors_lambda_role",
            "module.lambda.aws_lambda_function.get_all_authors",
            "module.lambda.data.archive_file.get_all_authors"
          ]
        }
      ]
    },
    {
      "module": "module.api",
      "mode": "managed",
      "type": "aws_lambda_permission",
      "name": "get_all_courses",
      "provider": "provider[\"registry.terraform.io/hashicorp/aws\"]",
      "instances": [
        {
          "schema_version": 0,
          "attributes": {
            "action": "lambda:InvokeFunction",
            "event_source_token": null,
            "function_name": "arn:aws:lambda:us-east-1:381491839053:function:get-all-courses",
            "function_url_auth_type": null,
            "id": "AllowExecutionFromAPIGateway",
            "principal": "apigateway.amazonaws.com",
            "principal_org_id": null,
            "qualifier": "",
            "source_account": null,
            "source_arn": "arn:aws:execute-api:us-east-1:381491839053:fhj9lxmerj/*/*",
            "statement_id": "AllowExecutionFromAPIGateway",
            "statement_id_prefix": ""
          },
          "sensitive_attributes": [],
          "private": "bnVsbA==",
          "dependencies": [
            "module.api.aws_api_gateway_rest_api.this_api",
            "module.iam.aws_iam_role.get_all_courses_lambda_role",
            "module.lambda.aws_lambda_function.get_all_courses",
            "module.lambda.data.archive_file.get_all_courses"
          ]
        }
      ]
    },
    {
      "module": "module.api",
      "mode": "managed",
      "type": "aws_lambda_permission",
      "name": "get_course",
      "provider": "provider[\"registry.terraform.io/hashicorp/aws\"]",
      "instances": [
        {
          "schema_version": 0,
          "attributes": {
            "action": "lambda:InvokeFunction",
            "event_source_token": null,
            "function_name": "arn:aws:lambda:us-east-1:381491839053:function:get-course",
            "function_url_auth_type": null,
            "id": "AllowExecutionFromAPIGateway",
            "principal": "apigateway.amazonaws.com",
            "principal_org_id": null,
            "qualifier": "",
            "source_account": null,
            "source_arn": "arn:aws:execute-api:us-east-1:381491839053:fhj9lxmerj/*/*",
            "statement_id": "AllowExecutionFromAPIGateway",
            "statement_id_prefix": ""
          },
          "sensitive_attributes": [],
          "private": "bnVsbA==",
          "dependencies": [
            "module.api.aws_api_gateway_rest_api.this_api",
            "module.iam.aws_iam_role.get_course_lambda_role",
            "module.lambda.aws_lambda_function.get_course",
            "module.lambda.data.archive_file.get_course"
          ]
        }
      ]
    },
    {
      "module": "module.api",
      "mode": "managed",
      "type": "aws_lambda_permission",
      "name": "save_course",
      "provider": "provider[\"registry.terraform.io/hashicorp/aws\"]",
      "instances": [
        {
          "schema_version": 0,
          "attributes": {
            "action": "lambda:InvokeFunction",
            "event_source_token": null,
            "function_name": "arn:aws:lambda:us-east-1:381491839053:function:save-course",
            "function_url_auth_type": null,
            "id": "AllowExecutionFromAPIGateway",
            "principal": "apigateway.amazonaws.com",
            "principal_org_id": null,
            "qualifier": "",
            "source_account": null,
            "source_arn": "arn:aws:execute-api:us-east-1:381491839053:fhj9lxmerj/*/*",
            "statement_id": "AllowExecutionFromAPIGateway",
            "statement_id_prefix": ""
          },
          "sensitive_attributes": [],
          "private": "bnVsbA==",
          "dependencies": [
            "module.api.aws_api_gateway_rest_api.this_api",
            "module.iam.aws_iam_role.save_course_lambda_role",
            "module.lambda.aws_lambda_function.save_course",
            "module.lambda.data.archive_file.save_course"
          ]
        }
      ]
    },
    {
      "module": "module.api",
      "mode": "managed",
      "type": "aws_lambda_permission",
      "name": "update_course",
      "provider": "provider[\"registry.terraform.io/hashicorp/aws\"]",
      "instances": [
        {
          "schema_version": 0,
          "attributes": {
            "action": "lambda:InvokeFunction",
            "event_source_token": null,
            "function_name": "arn:aws:lambda:us-east-1:381491839053:function:update-course",
            "function_url_auth_type": null,
            "id": "AllowExecutionFromAPIGateway",
            "principal": "apigateway.amazonaws.com",
            "principal_org_id": null,
            "qualifier": "",
            "source_account": null,
            "source_arn": "arn:aws:execute-api:us-east-1:381491839053:fhj9lxmerj/*/*",
            "statement_id": "AllowExecutionFromAPIGateway",
            "statement_id_prefix": ""
          },
          "sensitive_attributes": [],
          "private": "bnVsbA==",
          "dependencies": [
            "module.api.aws_api_gateway_rest_api.this_api",
            "module.iam.aws_iam_role.update_course_lambda_role",
            "module.lambda.aws_lambda_function.update_course",
            "module.lambda.data.archive_file.update_course"
          ]
        }
      ]
    },
    {
      "module": "module.dynamo_db_authors",
      "mode": "managed",
      "type": "aws_dynamodb_table",
      "name": "this",
      "provider": "provider[\"registry.terraform.io/hashicorp/aws\"]",
      "instances": [
        {
          "schema_version": 1,
          "attributes": {
            "arn": "arn:aws:dynamodb:us-east-1:381491839053:table/authors-3",
            "attribute": [
              {
                "name": "id",
                "type": "S"
              }
            ],
            "billing_mode": "PAY_PER_REQUEST",
            "deletion_protection_enabled": false,
            "global_secondary_index": [],
            "hash_key": "id",
            "id": "authors-3",
            "import_table": [],
            "local_secondary_index": [],
            "name": "authors-3",
            "point_in_time_recovery": [
              {
                "enabled": false
              }
            ],
            "range_key": null,
            "read_capacity": 0,
            "replica": [],
            "restore_date_time": null,
            "restore_source_name": null,
            "restore_to_latest_time": null,
            "server_side_encryption": [],
            "stream_arn": "",
            "stream_enabled": false,
            "stream_label": "",
            "stream_view_type": "",
            "table_class": "STANDARD",
            "tags": {},
            "tags_all": {},
            "timeouts": null,
            "ttl": [
              {
                "attribute_name": "",
                "enabled": false
              }
            ],
            "write_capacity": 0
          },
          "sensitive_attributes": [],
          "private": "eyJlMmJmYjczMC1lY2FhLTExZTYtOGY4OC0zNDM2M2JjN2M0YzAiOnsiY3JlYXRlIjoxODAwMDAwMDAwMDAwLCJkZWxldGUiOjYwMDAwMDAwMDAwMCwidXBkYXRlIjozNjAwMDAwMDAwMDAwfSwic2NoZW1hX3ZlcnNpb24iOiIxIn0="
        }
      ]
    },
    {
      "module": "module.dynamo_db_courses",
      "mode": "managed",
      "type": "aws_dynamodb_table",
      "name": "this",
      "provider": "provider[\"registry.terraform.io/hashicorp/aws\"]",
      "instances": [
        {
          "schema_version": 1,
          "attributes": {
            "arn": "arn:aws:dynamodb:us-east-1:381491839053:table/courses-3",
            "attribute": [
              {
                "name": "id",
                "type": "S"
              }
            ],
            "billing_mode": "PAY_PER_REQUEST",
            "deletion_protection_enabled": false,
            "global_secondary_index": [],
            "hash_key": "id",
            "id": "courses-3",
            "import_table": [],
            "local_secondary_index": [],
            "name": "courses-3",
            "point_in_time_recovery": [
              {
                "enabled": false
              }
            ],
            "range_key": null,
            "read_capacity": 0,
            "replica": [],
            "restore_date_time": null,
            "restore_source_name": null,
            "restore_to_latest_time": null,
            "server_side_encryption": [],
            "stream_arn": "",
            "stream_enabled": false,
            "stream_label": "",
            "stream_view_type": "",
            "table_class": "STANDARD",
            "tags": {},
            "tags_all": {},
            "timeouts": null,
            "ttl": [
              {
                "attribute_name": "",
                "enabled": false
              }
            ],
            "write_capacity": 0
          },
          "sensitive_attributes": [],
          "private": "eyJlMmJmYjczMC1lY2FhLTExZTYtOGY4OC0zNDM2M2JjN2M0YzAiOnsiY3JlYXRlIjoxODAwMDAwMDAwMDAwLCJkZWxldGUiOjYwMDAwMDAwMDAwMCwidXBkYXRlIjozNjAwMDAwMDAwMDAwfSwic2NoZW1hX3ZlcnNpb24iOiIxIn0="
        }
      ]
    },
    {
      "module": "module.iam",
      "mode": "managed",
      "type": "aws_iam_policy",
      "name": "delete_course_lambda_policy",
      "provider": "provider[\"registry.terraform.io/hashicorp/aws\"]",
      "instances": [
        {
          "schema_version": 0,
          "attributes": {
            "arn": "arn:aws:iam::381491839053:policy/delete-course-lambda-policy-3",
            "attachment_count": 1,
            "description": "",
            "id": "arn:aws:iam::381491839053:policy/delete-course-lambda-policy-3",
            "name": "delete-course-lambda-policy-3",
            "name_prefix": "",
            "path": "/",
            "policy": "{\"Statement\":[{\"Action\":[\"dynamodb:DeleteItem\"],\"Effect\":\"Allow\",\"Resource\":\"arn:aws:dynamodb:us-east-1:381491839053:table/courses-3\"},{\"Action\":[\"logs:CreateLogGroup\",\"logs:CreateLogStream\",\"logs:PutLogEvents\"],\"Effect\":\"Allow\",\"Resource\":\"*\"}],\"Version\":\"2012-10-17\"}",
            "policy_id": "ANPAVRUVPQBGYKUNAVE3D",
            "tags": {},
            "tags_all": {}
          },
          "sensitive_attributes": [],
          "private": "bnVsbA==",
          "dependencies": [
            "module.dynamo_db_courses.aws_dynamodb_table.this"
          ]
        }
      ]
    },
    {
      "module": "module.iam",
      "mode": "managed",
      "type": "aws_iam_policy",
      "name": "get_all_authors_lambda_policy",
      "provider": "provider[\"registry.terraform.io/hashicorp/aws\"]",
      "instances": [
        {
          "schema_version": 0,
          "attributes": {
            "arn": "arn:aws:iam::381491839053:policy/get-all-authors-lambda-policy",
            "attachment_count": 1,
            "description": "",
            "id": "arn:aws:iam::381491839053:policy/get-all-authors-lambda-policy",
            "name": "get-all-authors-lambda-policy",
            "name_prefix": "",
            "path": "/",
            "policy": "{\"Statement\":[{\"Action\":[\"dynamodb:Scan\"],\"Effect\":\"Allow\",\"Resource\":\"arn:aws:dynamodb:us-east-1:381491839053:table/authors-3\"},{\"Action\":[\"logs:CreateLogGroup\",\"logs:CreateLogStream\",\"logs:PutLogEvents\"],\"Effect\":\"Allow\",\"Resource\":\"*\"}],\"Version\":\"2012-10-17\"}",
            "policy_id": "ANPAVRUVPQBGVKIV3PLGN",
            "tags": {},
            "tags_all": {}
          },
          "sensitive_attributes": [],
          "private": "bnVsbA==",
          "dependencies": [
            "module.dynamo_db_authors.aws_dynamodb_table.this"
          ]
        }
      ]
    },
    {
      "module": "module.iam",
      "mode": "managed",
      "type": "aws_iam_policy",
      "name": "get_all_courses_lambda_policy",
      "provider": "provider[\"registry.terraform.io/hashicorp/aws\"]",
      "instances": [
        {
          "schema_version": 0,
          "attributes": {
            "arn": "arn:aws:iam::381491839053:policy/get-all-courses-lambda-policy-3",
            "attachment_count": 1,
            "description": "",
            "id": "arn:aws:iam::381491839053:policy/get-all-courses-lambda-policy-3",
            "name": "get-all-courses-lambda-policy-3",
            "name_prefix": "",
            "path": "/",
            "policy": "{\"Statement\":[{\"Action\":[\"dynamodb:Scan\"],\"Effect\":\"Allow\",\"Resource\":\"arn:aws:dynamodb:us-east-1:381491839053:table/courses-3\"},{\"Action\":[\"logs:CreateLogGroup\",\"logs:CreateLogStream\",\"logs:PutLogEvents\"],\"Effect\":\"Allow\",\"Resource\":\"*\"}],\"Version\":\"2012-10-17\"}",
            "policy_id": "ANPAVRUVPQBGXQY4RUSAZ",
            "tags": {},
            "tags_all": {}
          },
          "sensitive_attributes": [],
          "private": "bnVsbA==",
          "dependencies": [
            "module.dynamo_db_courses.aws_dynamodb_table.this"
          ]
        }
      ]
    },
    {
      "module": "module.iam",
      "mode": "managed",
      "type": "aws_iam_policy",
      "name": "get_course_lambda_policy",
      "provider": "provider[\"registry.terraform.io/hashicorp/aws\"]",
      "instances": [
        {
          "schema_version": 0,
          "attributes": {
            "arn": "arn:aws:iam::381491839053:policy/get-course-lambda-policy-3",
            "attachment_count": 1,
            "description": "",
            "id": "arn:aws:iam::381491839053:policy/get-course-lambda-policy-3",
            "name": "get-course-lambda-policy-3",
            "name_prefix": "",
            "path": "/",
            "policy": "{\"Statement\":[{\"Action\":[\"dynamodb:GetItem\"],\"Effect\":\"Allow\",\"Resource\":\"arn:aws:dynamodb:us-east-1:381491839053:table/courses-3\"},{\"Action\":[\"logs:CreateLogGroup\",\"logs:CreateLogStream\",\"logs:PutLogEvents\"],\"Effect\":\"Allow\",\"Resource\":\"*\"}],\"Version\":\"2012-10-17\"}",
            "policy_id": "ANPAVRUVPQBG45YLDWMIW",
            "tags": {},
            "tags_all": {}
          },
          "sensitive_attributes": [],
          "private": "bnVsbA==",
          "dependencies": [
            "module.dynamo_db_courses.aws_dynamodb_table.this"
          ]
        }
      ]
    },
    {
      "module": "module.iam",
      "mode": "managed",
      "type": "aws_iam_policy",
      "name": "save_course_lambda_policy",
      "provider": "provider[\"registry.terraform.io/hashicorp/aws\"]",
      "instances": [
        {
          "schema_version": 0,
          "attributes": {
            "arn": "arn:aws:iam::381491839053:policy/save-course-lambda-policy-3",
            "attachment_count": 1,
            "description": "",
            "id": "arn:aws:iam::381491839053:policy/save-course-lambda-policy-3",
            "name": "save-course-lambda-policy-3",
            "name_prefix": "",
            "path": "/",
            "policy": "{\"Statement\":[{\"Action\":[\"dynamodb:PutItem\"],\"Effect\":\"Allow\",\"Resource\":\"arn:aws:dynamodb:us-east-1:381491839053:table/courses-3\"},{\"Action\":[\"logs:CreateLogGroup\",\"logs:CreateLogStream\",\"logs:PutLogEvents\"],\"Effect\":\"Allow\",\"Resource\":\"*\"}],\"Version\":\"2012-10-17\"}",
            "policy_id": "ANPAVRUVPQBG5UZM7I2EW",
            "tags": {},
            "tags_all": {}
          },
          "sensitive_attributes": [],
          "private": "bnVsbA==",
          "dependencies": [
            "module.dynamo_db_courses.aws_dynamodb_table.this"
          ]
        }
      ]
    },
    {
      "module": "module.iam",
      "mode": "managed",
      "type": "aws_iam_policy",
      "name": "update_course_lambda_policy",
      "provider": "provider[\"registry.terraform.io/hashicorp/aws\"]",
      "instances": [
        {
          "schema_version": 0,
          "attributes": {
            "arn": "arn:aws:iam::381491839053:policy/update-course-lambda-policy-3",
            "attachment_count": 1,
            "description": "",
            "id": "arn:aws:iam::381491839053:policy/update-course-lambda-policy-3",
            "name": "update-course-lambda-policy-3",
            "name_prefix": "",
            "path": "/",
            "policy": "{\"Statement\":[{\"Action\":[\"dynamodb:putItem\"],\"Effect\":\"Allow\",\"Resource\":\"arn:aws:dynamodb:us-east-1:381491839053:table/courses-3\"},{\"Action\":[\"logs:CreateLogGroup\",\"logs:CreateLogStream\",\"logs:PutLogEvents\"],\"Effect\":\"Allow\",\"Resource\":\"*\"}],\"Version\":\"2012-10-17\"}",
            "policy_id": "ANPAVRUVPQBG7G3ZHUNPU",
            "tags": {},
            "tags_all": {}
          },
          "sensitive_attributes": [],
          "private": "bnVsbA==",
          "dependencies": [
            "module.dynamo_db_courses.aws_dynamodb_table.this"
          ]
        }
      ]
    },
    {
      "module": "module.iam",
      "mode": "managed",
      "type": "aws_iam_role",
      "name": "delete_course_lambda_role",
      "provider": "provider[\"registry.terraform.io/hashicorp/aws\"]",
      "instances": [
        {
          "schema_version": 0,
          "attributes": {
            "arn": "arn:aws:iam::381491839053:role/delete-course",
            "assume_role_policy": "{\"Statement\":[{\"Action\":\"sts:AssumeRole\",\"Effect\":\"Allow\",\"Principal\":{\"Service\":\"lambda.amazonaws.com\"}}],\"Version\":\"2012-10-17\"}",
            "create_date": "2024-05-06T16:45:17Z",
            "description": "",
            "force_detach_policies": false,
            "id": "delete-course",
            "inline_policy": [],
            "managed_policy_arns": [
              "arn:aws:iam::381491839053:policy/delete-course-lambda-policy-3"
            ],
            "max_session_duration": 3600,
            "name": "delete-course",
            "name_prefix": "",
            "path": "/",
            "permissions_boundary": "",
            "tags": {},
            "tags_all": {},
            "unique_id": "AROAVRUVPQBGU4TCUEQN4"
          },
          "sensitive_attributes": [],
          "private": "bnVsbA=="
        }
      ]
    },
    {
      "module": "module.iam",
      "mode": "managed",
      "type": "aws_iam_role",
      "name": "get_all_authors_lambda_role",
      "provider": "provider[\"registry.terraform.io/hashicorp/aws\"]",
      "instances": [
        {
          "schema_version": 0,
          "attributes": {
            "arn": "arn:aws:iam::381491839053:role/get-all-authors",
            "assume_role_policy": "{\"Statement\":[{\"Action\":\"sts:AssumeRole\",\"Effect\":\"Allow\",\"Principal\":{\"Service\":\"lambda.amazonaws.com\"}}],\"Version\":\"2012-10-17\"}",
            "create_date": "2024-05-06T16:45:17Z",
            "description": "",
            "force_detach_policies": false,
            "id": "get-all-authors",
            "inline_policy": [],
            "managed_policy_arns": [
              "arn:aws:iam::381491839053:policy/get-all-authors-lambda-policy"
            ],
            "max_session_duration": 3600,
            "name": "get-all-authors",
            "name_prefix": "",
            "path": "/",
            "permissions_boundary": "",
            "tags": {},
            "tags_all": {},
            "unique_id": "AROAVRUVPQBGZF4HEQQEO"
          },
          "sensitive_attributes": [],
          "private": "bnVsbA=="
        }
      ]
    },
    {
      "module": "module.iam",
      "mode": "managed",
      "type": "aws_iam_role",
      "name": "get_all_courses_lambda_role",
      "provider": "provider[\"registry.terraform.io/hashicorp/aws\"]",
      "instances": [
        {
          "schema_version": 0,
          "attributes": {
            "arn": "arn:aws:iam::381491839053:role/get-all-courses",
            "assume_role_policy": "{\"Statement\":[{\"Action\":\"sts:AssumeRole\",\"Effect\":\"Allow\",\"Principal\":{\"Service\":\"lambda.amazonaws.com\"}}],\"Version\":\"2012-10-17\"}",
            "create_date": "2024-05-06T16:45:17Z",
            "description": "",
            "force_detach_policies": false,
            "id": "get-all-courses",
            "inline_policy": [],
            "managed_policy_arns": [
              "arn:aws:iam::381491839053:policy/get-all-courses-lambda-policy-3"
            ],
            "max_session_duration": 3600,
            "name": "get-all-courses",
            "name_prefix": "",
            "path": "/",
            "permissions_boundary": "",
            "tags": {},
            "tags_all": {},
            "unique_id": "AROAVRUVPQBGRFXGMCYL5"
          },
          "sensitive_attributes": [],
          "private": "bnVsbA=="
        }
      ]
    },
    {
      "module": "module.iam",
      "mode": "managed",
      "type": "aws_iam_role",
      "name": "get_course_lambda_role",
      "provider": "provider[\"registry.terraform.io/hashicorp/aws\"]",
      "instances": [
        {
          "schema_version": 0,
          "attributes": {
            "arn": "arn:aws:iam::381491839053:role/get-course",
            "assume_role_policy": "{\"Statement\":[{\"Action\":\"sts:AssumeRole\",\"Effect\":\"Allow\",\"Principal\":{\"Service\":\"lambda.amazonaws.com\"}}],\"Version\":\"2012-10-17\"}",
            "create_date": "2024-05-06T16:45:17Z",
            "description": "",
            "force_detach_policies": false,
            "id": "get-course",
            "inline_policy": [],
            "managed_policy_arns": [
              "arn:aws:iam::381491839053:policy/get-course-lambda-policy-3"
            ],
            "max_session_duration": 3600,
            "name": "get-course",
            "name_prefix": "",
            "path": "/",
            "permissions_boundary": "",
            "tags": {},
            "tags_all": {},
            "unique_id": "AROAVRUVPQBGVZ7ZQQKAT"
          },
          "sensitive_attributes": [],
          "private": "bnVsbA=="
        }
      ]
    },
    {
      "module": "module.iam",
      "mode": "managed",
      "type": "aws_iam_role",
      "name": "save_course_lambda_role",
      "provider": "provider[\"registry.terraform.io/hashicorp/aws\"]",
      "instances": [
        {
          "schema_version": 0,
          "attributes": {
            "arn": "arn:aws:iam::381491839053:role/save-course",
            "assume_role_policy": "{\"Statement\":[{\"Action\":\"sts:AssumeRole\",\"Effect\":\"Allow\",\"Principal\":{\"Service\":\"lambda.amazonaws.com\"}}],\"Version\":\"2012-10-17\"}",
            "create_date": "2024-05-06T16:45:17Z",
            "description": "",
            "force_detach_policies": false,
            "id": "save-course",
            "inline_policy": [],
            "managed_policy_arns": [
              "arn:aws:iam::381491839053:policy/save-course-lambda-policy-3"
            ],
            "max_session_duration": 3600,
            "name": "save-course",
            "name_prefix": "",
            "path": "/",
            "permissions_boundary": "",
            "tags": {},
            "tags_all": {},
            "unique_id": "AROAVRUVPQBGQUXFWQJPZ"
          },
          "sensitive_attributes": [],
          "private": "bnVsbA=="
        }
      ]
    },
    {
      "module": "module.iam",
      "mode": "managed",
      "type": "aws_iam_role",
      "name": "update_course_lambda_role",
      "provider": "provider[\"registry.terraform.io/hashicorp/aws\"]",
      "instances": [
        {
          "schema_version": 0,
          "attributes": {
            "arn": "arn:aws:iam::381491839053:role/update-course",
            "assume_role_policy": "{\"Statement\":[{\"Action\":\"sts:AssumeRole\",\"Effect\":\"Allow\",\"Principal\":{\"Service\":\"lambda.amazonaws.com\"}}],\"Version\":\"2012-10-17\"}",
            "create_date": "2024-05-06T16:45:17Z",
            "description": "",
            "force_detach_policies": false,
            "id": "update-course",
            "inline_policy": [],
            "managed_policy_arns": [
              "arn:aws:iam::381491839053:policy/update-course-lambda-policy-3"
            ],
            "max_session_duration": 3600,
            "name": "update-course",
            "name_prefix": "",
            "path": "/",
            "permissions_boundary": "",
            "tags": {},
            "tags_all": {},
            "unique_id": "AROAVRUVPQBGYGDQTQTME"
          },
          "sensitive_attributes": [],
          "private": "bnVsbA=="
        }
      ]
    },
    {
      "module": "module.iam",
      "mode": "managed",
      "type": "aws_iam_role_policy_attachment",
      "name": "delete_course_lambda_policy_attachment",
      "provider": "provider[\"registry.terraform.io/hashicorp/aws\"]",
      "instances": [
        {
          "schema_version": 0,
          "attributes": {
            "id": "delete-course-20240506164529951400000002",
            "policy_arn": "arn:aws:iam::381491839053:policy/delete-course-lambda-policy-3",
            "role": "delete-course"
          },
          "sensitive_attributes": [],
          "private": "bnVsbA==",
          "dependencies": [
            "module.dynamo_db_courses.aws_dynamodb_table.this",
            "module.iam.aws_iam_policy.delete_course_lambda_policy",
            "module.iam.aws_iam_role.delete_course_lambda_role"
          ]
        }
      ]
    },
    {
      "module": "module.iam",
      "mode": "managed",
      "type": "aws_iam_role_policy_attachment",
      "name": "get_all_authors_lambda_policy_attachment",
      "provider": "provider[\"registry.terraform.io/hashicorp/aws\"]",
      "instances": [
        {
          "schema_version": 0,
          "attributes": {
            "id": "get-all-authors-20240506164530762200000006",
            "policy_arn": "arn:aws:iam::381491839053:policy/get-all-authors-lambda-policy",
            "role": "get-all-authors"
          },
          "sensitive_attributes": [],
          "private": "bnVsbA==",
          "dependencies": [
            "module.dynamo_db_authors.aws_dynamodb_table.this",
            "module.iam.aws_iam_policy.get_all_authors_lambda_policy",
            "module.iam.aws_iam_role.get_all_authors_lambda_role"
          ]
        }
      ]
    },
    {
      "module": "module.iam",
      "mode": "managed",
      "type": "aws_iam_role_policy_attachment",
      "name": "get_all_courses_lambda_policy_attachment",
      "provider": "provider[\"registry.terraform.io/hashicorp/aws\"]",
      "instances": [
        {
          "schema_version": 0,
          "attributes": {
            "id": "get-all-courses-20240506164530542100000005",
            "policy_arn": "arn:aws:iam::381491839053:policy/get-all-courses-lambda-policy-3",
            "role": "get-all-courses"
          },
          "sensitive_attributes": [],
          "private": "bnVsbA==",
          "dependencies": [
            "module.dynamo_db_courses.aws_dynamodb_table.this",
            "module.iam.aws_iam_policy.get_all_courses_lambda_policy",
            "module.iam.aws_iam_role.get_all_courses_lambda_role"
          ]
        }
      ]
    },
    {
      "module": "module.iam",
      "mode": "managed",
      "type": "aws_iam_role_policy_attachment",
      "name": "get_course_lambda_policy_attachment",
      "provider": "provider[\"registry.terraform.io/hashicorp/aws\"]",
      "instances": [
        {
          "schema_version": 0,
          "attributes": {
            "id": "get-course-20240506164529888600000001",
            "policy_arn": "arn:aws:iam::381491839053:policy/get-course-lambda-policy-3",
            "role": "get-course"
          },
          "sensitive_attributes": [],
          "private": "bnVsbA==",
          "dependencies": [
            "module.dynamo_db_courses.aws_dynamodb_table.this",
            "module.iam.aws_iam_policy.get_course_lambda_policy",
            "module.iam.aws_iam_role.get_course_lambda_role"
          ]
        }
      ]
    },
    {
      "module": "module.iam",
      "mode": "managed",
      "type": "aws_iam_role_policy_attachment",
      "name": "save_course_lambda_policy_attachment",
      "provider": "provider[\"registry.terraform.io/hashicorp/aws\"]",
      "instances": [
        {
          "schema_version": 0,
          "attributes": {
            "id": "save-course-20240506164530386700000004",
            "policy_arn": "arn:aws:iam::381491839053:policy/save-course-lambda-policy-3",
            "role": "save-course"
          },
          "sensitive_attributes": [],
          "private": "bnVsbA==",
          "dependencies": [
            "module.dynamo_db_courses.aws_dynamodb_table.this",
            "module.iam.aws_iam_policy.save_course_lambda_policy",
            "module.iam.aws_iam_role.save_course_lambda_role"
          ]
        }
      ]
    },
    {
      "module": "module.iam",
      "mode": "managed",
      "type": "aws_iam_role_policy_attachment",
      "name": "update_course_lambda_policy_attachment",
      "provider": "provider[\"registry.terraform.io/hashicorp/aws\"]",
      "instances": [
        {
          "schema_version": 0,
          "attributes": {
            "id": "update-course-20240506164530261500000003",
            "policy_arn": "arn:aws:iam::381491839053:policy/update-course-lambda-policy-3",
            "role": "update-course"
          },
          "sensitive_attributes": [],
          "private": "bnVsbA==",
          "dependencies": [
            "module.dynamo_db_courses.aws_dynamodb_table.this",
            "module.iam.aws_iam_policy.update_course_lambda_policy",
            "module.iam.aws_iam_role.update_course_lambda_role"
          ]
        }
      ]
    },
    {
      "module": "module.lambda",
      "mode": "data",
      "type": "archive_file",
      "name": "delete_course",
      "provider": "provider[\"registry.terraform.io/hashicorp/archive\"]",
      "instances": [
        {
          "schema_version": 0,
          "attributes": {
            "exclude_symlink_directories": null,
            "excludes": null,
            "id": "1b49d594f51572b5d7094178babff3f7b402afed",
            "output_base64sha256": "AAhtI6XKqhv9M8KfZpoqlYaAsQLlOCh8Sop9fQLgaj0=",
            "output_base64sha512": "tKIwE3M1x97kTgAGvc2X6DVsi8YXZnd/b/DDTy0vFj0eYbNkTm+9eBtGLd4waYvIdOmqNcBYcAq6MqTuAuG1Aw==",
            "output_file_mode": null,
            "output_md5": "b2f18049824e344b77c4b1182f871445",
            "output_path": "lambda/functions/delete-course/delete-course.zip",
            "output_sha": "1b49d594f51572b5d7094178babff3f7b402afed",
            "output_sha256": "00086d23a5caaa1bfd33c29f669a2a958680b102e538287c4a8a7d7d02e06a3d",
            "output_sha512": "b4a230137335c7dee44e0006bdcd97e8356c8bc61766777f6ff0c34f2d2f163d1e61b3644e6fbd781b462dde30698bc874e9aa35c058700aba32a4ee02e1b503",
            "output_size": 428,
            "source": [],
            "source_content": null,
            "source_content_filename": null,
            "source_dir": null,
            "source_file": "lambda/functions/delete-course/delete-course.js",
            "type": "zip"
          },
          "sensitive_attributes": []
        }
      ]
    },
    {
      "module": "module.lambda",
      "mode": "data",
      "type": "archive_file",
      "name": "get_all_authors",
      "provider": "provider[\"registry.terraform.io/hashicorp/archive\"]",
      "instances": [
        {
          "schema_version": 0,
          "attributes": {
            "exclude_symlink_directories": null,
            "excludes": null,
            "id": "f9f6c86e52c06c562778ac288a7bd0d89e1add1f",
            "output_base64sha256": "WNO9ejnqqLAHlrwldCiEBMGXswgDlbmshjzl0B9D5F8=",
            "output_base64sha512": "RrhwXYXpC4i4zBsmzda3jdZQMZmq1Mr04gwB6lN3MYZlT5NhyT847jujyQE1RXMaqUetoM+jUjQnulfcXHeaLA==",
            "output_file_mode": null,
            "output_md5": "72d18dc2e82de520b97dce1936751b29",
            "output_path": "lambda/functions/get-all-authors/get-all-authors.zip",
            "output_sha": "f9f6c86e52c06c562778ac288a7bd0d89e1add1f",
            "output_sha256": "58d3bd7a39eaa8b00796bc2574288404c197b3080395b9ac863ce5d01f43e45f",
            "output_sha512": "46b8705d85e90b88b8cc1b26cdd6b78dd6503199aad4caf4e20c01ea53773186654f9361c93f38ee3ba3c9013545731aa947ada0cfa3523427ba57dc5c779a2c",
            "output_size": 461,
            "source": [],
            "source_content": null,
            "source_content_filename": null,
            "source_dir": null,
            "source_file": "lambda/functions/get-all-authors/get-all-authors.js",
            "type": "zip"
          },
          "sensitive_attributes": []
        }
      ]
    },
    {
      "module": "module.lambda",
      "mode": "data",
      "type": "archive_file",
      "name": "get_all_courses",
      "provider": "provider[\"registry.terraform.io/hashicorp/archive\"]",
      "instances": [
        {
          "schema_version": 0,
          "attributes": {
            "exclude_symlink_directories": null,
            "excludes": null,
            "id": "ec4e4668a3ff20da106b94d096f54f1158fc54c5",
            "output_base64sha256": "4EJnoVvV5Ca2xdJ8M9DFa1uzBlu+uVu25URoiQsVXvs=",
            "output_base64sha512": "NtUOefo6jQszLTxicHg+vvixlN8uHRaU9cAwuZz+r2r0giYep9ticyRmjwZ3Z0elDZKHcG2MDMQ3kEqQXiFexQ==",
            "output_file_mode": null,
            "output_md5": "fad3b768edee79152070bc92dae8f923",
            "output_path": "lambda/functions/get-all-courses/get-all-courses.zip",
            "output_sha": "ec4e4668a3ff20da106b94d096f54f1158fc54c5",
            "output_sha256": "e04267a15bd5e426b6c5d27c33d0c56b5bb3065bbeb95bb6e54468890b155efb",
            "output_sha512": "36d50e79fa3a8d0b332d3c6270783ebef8b194df2e1d1694f5c030b99cfeaf6af482261ea7db627324668f06776747a50d9287706d8c0cc437904a905e215ec5",
            "output_size": 522,
            "source": [],
            "source_content": null,
            "source_content_filename": null,
            "source_dir": null,
            "source_file": "lambda/functions/get-all-courses/get-all-courses.js",
            "type": "zip"
          },
          "sensitive_attributes": []
        }
      ]
    },
    {
      "module": "module.lambda",
      "mode": "data",
      "type": "archive_file",
      "name": "get_course",
      "provider": "provider[\"registry.terraform.io/hashicorp/archive\"]",
      "instances": [
        {
          "schema_version": 0,
          "attributes": {
            "exclude_symlink_directories": null,
            "excludes": null,
            "id": "a0f3d54808fca7df87481a466af9222ee010f96a",
            "output_base64sha256": "+EHGRr8cnpjOKQF33mBj/3VERWmaOW38I4SZyCZjMso=",
            "output_base64sha512": "e5LAnL0y5X6Iog5haP1Tyi7hezgOgaHM0vRxmsg63N3NHYvMFgNtWz2aqzaDve586/nCgWaQCkBOV1U3r+a/Lg==",
            "output_file_mode": null,
            "output_md5": "2a54621b2f69e28a84c2161693019a61",
            "output_path": "lambda/functions/get-course/get-course.zip",
            "output_sha": "a0f3d54808fca7df87481a466af9222ee010f96a",
            "output_sha256": "f841c646bf1c9e98ce290177de6063ff754445699a396dfc238499c8266332ca",
            "output_sha512": "7b92c09cbd32e57e88a20e6168fd53ca2ee17b380e81a1ccd2f4719ac83adcddcd1d8bcc16036d5b3d9aab3683bdee7cebf9c28166900a404e575537afe6bf2e",
            "output_size": 487,
            "source": [],
            "source_content": null,
            "source_content_filename": null,
            "source_dir": null,
            "source_file": "lambda/functions/get-course/get-course.js",
            "type": "zip"
          },
          "sensitive_attributes": []
        }
      ]
    },
    {
      "module": "module.lambda",
      "mode": "data",
      "type": "archive_file",
      "name": "save_course",
      "provider": "provider[\"registry.terraform.io/hashicorp/archive\"]",
      "instances": [
        {
          "schema_version": 0,
          "attributes": {
            "exclude_symlink_directories": null,
            "excludes": null,
            "id": "eb01b342b9a39efc51901d5c393c216b49c982fe",
            "output_base64sha256": "4CQ0sR66rlOj6ZgSAq7dwYMBq2/Z44J/MJ3pGQh+gf8=",
            "output_base64sha512": "AckwKGQRlaVLy/MrcF2+Sy6FpFb0d2m7ky3exlM0A/HiUB1nIrWIvlC+UdFw3N3EAtn0Ca8CmDztKZOUmWHGrA==",
            "output_file_mode": null,
            "output_md5": "bdd7d2438fae3a5f4a4b4ca097703fbb",
            "output_path": "lambda/functions/save-course/save-course.zip",
            "output_sha": "eb01b342b9a39efc51901d5c393c216b49c982fe",
            "output_sha256": "e02434b11ebaae53a3e9981202aeddc18301ab6fd9e3827f309de919087e81ff",
            "output_sha512": "01c93028641195a54bcbf32b705dbe4b2e85a456f47769bb932ddec6533403f1e2501d6722b588be50be51d170dcddc402d9f409af02983ced2993949961c6ac",
            "output_size": 598,
            "source": [],
            "source_content": null,
            "source_content_filename": null,
            "source_dir": null,
            "source_file": "lambda/functions/save-course/save-course.js",
            "type": "zip"
          },
          "sensitive_attributes": []
        }
      ]
    },
    {
      "module": "module.lambda",
      "mode": "data",
      "type": "archive_file",
      "name": "update_course",
      "provider": "provider[\"registry.terraform.io/hashicorp/archive\"]",
      "instances": [
        {
          "schema_version": 0,
          "attributes": {
            "exclude_symlink_directories": null,
            "excludes": null,
            "id": "f9b026117bc05ae3f35196470c207f55cf9e8aad",
            "output_base64sha256": "NoSj4WICYPa/8a9XnlzXByvF0zxcXUdOoZGbiy7FZLw=",
            "output_base64sha512": "AK6XjVsxgffKrZoYMfsNDbHiSWUkhnd7S64vfvFa7ZMD/gSMdhKcHmsvBlwp8qv4BT7qfseAwu62JlZsw+edQw==",
            "output_file_mode": null,
            "output_md5": "ac49f72755352dfea63832cefadbcffc",
            "output_path": "lambda/functions/update-course/update-course.zip",
            "output_sha": "f9b026117bc05ae3f35196470c207f55cf9e8aad",
            "output_sha256": "3684a3e1620260f6bff1af579e5cd7072bc5d33c5c5d474ea1919b8b2ec564bc",
            "output_sha512": "00ae978d5b3181f7caad9a1831fb0d0db1e249652486777b4bae2f7ef15aed9303fe048c76129c1e6b2f065c29f2abf8053eea7ec780c2eeb626566cc3e79d43",
            "output_size": 543,
            "source": [],
            "source_content": null,
            "source_content_filename": null,
            "source_dir": null,
            "source_file": "lambda/functions/update-course/update-course.js",
            "type": "zip"
          },
          "sensitive_attributes": []
        }
      ]
    },
    {
      "module": "module.lambda",
      "mode": "managed",
      "type": "aws_lambda_function",
      "name": "delete_course",
      "provider": "provider[\"registry.terraform.io/hashicorp/aws\"]",
      "instances": [
        {
          "schema_version": 0,
          "attributes": {
            "architectures": [
              "x86_64"
            ],
            "arn": "arn:aws:lambda:us-east-1:381491839053:function:delete-course",
            "code_signing_config_arn": "",
            "dead_letter_config": [],
            "description": "",
            "environment": [],
            "ephemeral_storage": [
              {
                "size": 512
              }
            ],
            "file_system_config": [],
            "filename": "lambda/functions/delete-course/delete-course.zip",
            "function_name": "delete-course",
            "handler": "delete-course.handler",
            "id": "delete-course",
            "image_config": [],
            "image_uri": "",
            "invoke_arn": "arn:aws:apigateway:us-east-1:lambda:path/2015-03-31/functions/arn:aws:lambda:us-east-1:381491839053:function:delete-course/invocations",
            "kms_key_arn": "",
            "last_modified": "2024-05-06T16:45:32.799+0000",
            "layers": [],
            "logging_config": [
              {
                "application_log_level": "",
                "log_format": "Text",
                "log_group": "/aws/lambda/delete-course",
                "system_log_level": ""
              }
            ],
            "memory_size": 128,
            "package_type": "Zip",
            "publish": false,
            "qualified_arn": "arn:aws:lambda:us-east-1:381491839053:function:delete-course:$LATEST",
            "qualified_invoke_arn": "arn:aws:apigateway:us-east-1:lambda:path/2015-03-31/functions/arn:aws:lambda:us-east-1:381491839053:function:delete-course:$LATEST/invocations",
            "replace_security_groups_on_destroy": null,
            "replacement_security_group_ids": null,
            "reserved_concurrent_executions": -1,
            "role": "arn:aws:iam::381491839053:role/delete-course",
            "runtime": "nodejs16.x",
            "s3_bucket": null,
            "s3_key": null,
            "s3_object_version": null,
            "signing_job_arn": "",
            "signing_profile_version_arn": "",
            "skip_destroy": false,
            "snap_start": [],
            "source_code_hash": "AAhtI6XKqhv9M8KfZpoqlYaAsQLlOCh8Sop9fQLgaj0=",
            "source_code_size": 428,
            "tags": {},
            "tags_all": {},
            "timeout": 3,
            "timeouts": null,
            "tracing_config": [
              {
                "mode": "PassThrough"
              }
            ],
            "version": "$LATEST",
            "vpc_config": []
          },
          "sensitive_attributes": [],
          "private": "eyJlMmJmYjczMC1lY2FhLTExZTYtOGY4OC0zNDM2M2JjN2M0YzAiOnsiY3JlYXRlIjo2MDAwMDAwMDAwMDAsImRlbGV0ZSI6NjAwMDAwMDAwMDAwLCJ1cGRhdGUiOjYwMDAwMDAwMDAwMH19",
          "dependencies": [
            "module.iam.aws_iam_role.delete_course_lambda_role",
            "module.lambda.data.archive_file.delete_course"
          ]
        }
      ]
    },
    {
      "module": "module.lambda",
      "mode": "managed",
      "type": "aws_lambda_function",
      "name": "get_all_authors",
      "provider": "provider[\"registry.terraform.io/hashicorp/aws\"]",
      "instances": [
        {
          "schema_version": 0,
          "attributes": {
            "architectures": [
              "x86_64"
            ],
            "arn": "arn:aws:lambda:us-east-1:381491839053:function:get-all-authors",
            "code_signing_config_arn": "",
            "dead_letter_config": [],
            "description": "",
            "environment": [],
            "ephemeral_storage": [
              {
                "size": 512
              }
            ],
            "file_system_config": [],
            "filename": "lambda/functions/get-all-authors/get-all-authors.zip",
            "function_name": "get-all-authors",
            "handler": "get-all-authors.handler",
            "id": "get-all-authors",
            "image_config": [],
            "image_uri": "",
            "invoke_arn": "arn:aws:apigateway:us-east-1:lambda:path/2015-03-31/functions/arn:aws:lambda:us-east-1:381491839053:function:get-all-authors/invocations",
            "kms_key_arn": "",
            "last_modified": "2024-05-06T16:45:46.362+0000",
            "layers": [],
            "logging_config": [
              {
                "application_log_level": "",
                "log_format": "Text",
                "log_group": "/aws/lambda/get-all-authors",
                "system_log_level": ""
              }
            ],
            "memory_size": 128,
            "package_type": "Zip",
            "publish": false,
            "qualified_arn": "arn:aws:lambda:us-east-1:381491839053:function:get-all-authors:$LATEST",
            "qualified_invoke_arn": "arn:aws:apigateway:us-east-1:lambda:path/2015-03-31/functions/arn:aws:lambda:us-east-1:381491839053:function:get-all-authors:$LATEST/invocations",
            "replace_security_groups_on_destroy": null,
            "replacement_security_group_ids": null,
            "reserved_concurrent_executions": -1,
            "role": "arn:aws:iam::381491839053:role/get-all-authors",
            "runtime": "nodejs16.x",
            "s3_bucket": null,
            "s3_key": null,
            "s3_object_version": null,
            "signing_job_arn": "",
            "signing_profile_version_arn": "",
            "skip_destroy": false,
            "snap_start": [],
            "source_code_hash": "WNO9ejnqqLAHlrwldCiEBMGXswgDlbmshjzl0B9D5F8=",
            "source_code_size": 461,
            "tags": {},
            "tags_all": {},
            "timeout": 3,
            "timeouts": null,
            "tracing_config": [
              {
                "mode": "PassThrough"
              }
            ],
            "version": "$LATEST",
            "vpc_config": []
          },
          "sensitive_attributes": [],
          "private": "eyJlMmJmYjczMC1lY2FhLTExZTYtOGY4OC0zNDM2M2JjN2M0YzAiOnsiY3JlYXRlIjo2MDAwMDAwMDAwMDAsImRlbGV0ZSI6NjAwMDAwMDAwMDAwLCJ1cGRhdGUiOjYwMDAwMDAwMDAwMH19",
          "dependencies": [
            "module.iam.aws_iam_role.get_all_authors_lambda_role",
            "module.lambda.data.archive_file.get_all_authors"
          ]
        }
      ]
    },
    {
      "module": "module.lambda",
      "mode": "managed",
      "type": "aws_lambda_function",
      "name": "get_all_courses",
      "provider": "provider[\"registry.terraform.io/hashicorp/aws\"]",
      "instances": [
        {
          "schema_version": 0,
          "attributes": {
            "architectures": [
              "x86_64"
            ],
            "arn": "arn:aws:lambda:us-east-1:381491839053:function:get-all-courses",
            "code_signing_config_arn": "",
            "dead_letter_config": [],
            "description": "",
            "environment": [],
            "ephemeral_storage": [
              {
                "size": 512
              }
            ],
            "file_system_config": [],
            "filename": "lambda/functions/get-all-courses/get-all-courses.zip",
            "function_name": "get-all-courses",
            "handler": "get-all-courses.handler",
            "id": "get-all-courses",
            "image_config": [],
            "image_uri": "",
            "invoke_arn": "arn:aws:apigateway:us-east-1:lambda:path/2015-03-31/functions/arn:aws:lambda:us-east-1:381491839053:function:get-all-courses/invocations",
            "kms_key_arn": "",
            "last_modified": "2024-05-06T16:45:39.163+0000",
            "layers": [],
            "logging_config": [
              {
                "application_log_level": "",
                "log_format": "Text",
                "log_group": "/aws/lambda/get-all-courses",
                "system_log_level": ""
              }
            ],
            "memory_size": 128,
            "package_type": "Zip",
            "publish": false,
            "qualified_arn": "arn:aws:lambda:us-east-1:381491839053:function:get-all-courses:$LATEST",
            "qualified_invoke_arn": "arn:aws:apigateway:us-east-1:lambda:path/2015-03-31/functions/arn:aws:lambda:us-east-1:381491839053:function:get-all-courses:$LATEST/invocations",
            "replace_security_groups_on_destroy": null,
            "replacement_security_group_ids": null,
            "reserved_concurrent_executions": -1,
            "role": "arn:aws:iam::381491839053:role/get-all-courses",
            "runtime": "nodejs16.x",
            "s3_bucket": null,
            "s3_key": null,
            "s3_object_version": null,
            "signing_job_arn": "",
            "signing_profile_version_arn": "",
            "skip_destroy": false,
            "snap_start": [],
            "source_code_hash": "4EJnoVvV5Ca2xdJ8M9DFa1uzBlu+uVu25URoiQsVXvs=",
            "source_code_size": 522,
            "tags": {},
            "tags_all": {},
            "timeout": 3,
            "timeouts": null,
            "tracing_config": [
              {
                "mode": "PassThrough"
              }
            ],
            "version": "$LATEST",
            "vpc_config": []
          },
          "sensitive_attributes": [],
          "private": "eyJlMmJmYjczMC1lY2FhLTExZTYtOGY4OC0zNDM2M2JjN2M0YzAiOnsiY3JlYXRlIjo2MDAwMDAwMDAwMDAsImRlbGV0ZSI6NjAwMDAwMDAwMDAwLCJ1cGRhdGUiOjYwMDAwMDAwMDAwMH19",
          "dependencies": [
            "module.iam.aws_iam_role.get_all_courses_lambda_role",
            "module.lambda.data.archive_file.get_all_courses"
          ]
        }
      ]
    },
    {
      "module": "module.lambda",
      "mode": "managed",
      "type": "aws_lambda_function",
      "name": "get_course",
      "provider": "provider[\"registry.terraform.io/hashicorp/aws\"]",
      "instances": [
        {
          "schema_version": 0,
          "attributes": {
            "architectures": [
              "x86_64"
            ],
            "arn": "arn:aws:lambda:us-east-1:381491839053:function:get-course",
            "code_signing_config_arn": "",
            "dead_letter_config": [],
            "description": "",
            "environment": [],
            "ephemeral_storage": [
              {
                "size": 512
              }
            ],
            "file_system_config": [],
            "filename": "lambda/functions/get-course/get-course.zip",
            "function_name": "get-course",
            "handler": "get-course.handler",
            "id": "get-course",
            "image_config": [],
            "image_uri": "",
            "invoke_arn": "arn:aws:apigateway:us-east-1:lambda:path/2015-03-31/functions/arn:aws:lambda:us-east-1:381491839053:function:get-course/invocations",
            "kms_key_arn": "",
            "last_modified": "2024-05-06T16:45:58.939+0000",
            "layers": [],
            "logging_config": [
              {
                "application_log_level": "",
                "log_format": "Text",
                "log_group": "/aws/lambda/get-course",
                "system_log_level": ""
              }
            ],
            "memory_size": 128,
            "package_type": "Zip",
            "publish": false,
            "qualified_arn": "arn:aws:lambda:us-east-1:381491839053:function:get-course:$LATEST",
            "qualified_invoke_arn": "arn:aws:apigateway:us-east-1:lambda:path/2015-03-31/functions/arn:aws:lambda:us-east-1:381491839053:function:get-course:$LATEST/invocations",
            "replace_security_groups_on_destroy": null,
            "replacement_security_group_ids": null,
            "reserved_concurrent_executions": -1,
            "role": "arn:aws:iam::381491839053:role/get-course",
            "runtime": "nodejs16.x",
            "s3_bucket": null,
            "s3_key": null,
            "s3_object_version": null,
            "signing_job_arn": "",
            "signing_profile_version_arn": "",
            "skip_destroy": false,
            "snap_start": [],
            "source_code_hash": "+EHGRr8cnpjOKQF33mBj/3VERWmaOW38I4SZyCZjMso=",
            "source_code_size": 487,
            "tags": {},
            "tags_all": {},
            "timeout": 3,
            "timeouts": null,
            "tracing_config": [
              {
                "mode": "PassThrough"
              }
            ],
            "version": "$LATEST",
            "vpc_config": []
          },
          "sensitive_attributes": [],
          "private": "eyJlMmJmYjczMC1lY2FhLTExZTYtOGY4OC0zNDM2M2JjN2M0YzAiOnsiY3JlYXRlIjo2MDAwMDAwMDAwMDAsImRlbGV0ZSI6NjAwMDAwMDAwMDAwLCJ1cGRhdGUiOjYwMDAwMDAwMDAwMH19",
          "dependencies": [
            "module.iam.aws_iam_role.get_course_lambda_role",
            "module.lambda.data.archive_file.get_course"
          ]
        }
      ]
    },
    {
      "module": "module.lambda",
      "mode": "managed",
      "type": "aws_lambda_function",
      "name": "save_course",
      "provider": "provider[\"registry.terraform.io/hashicorp/aws\"]",
      "instances": [
        {
          "schema_version": 0,
          "attributes": {
            "architectures": [
              "x86_64"
            ],
            "arn": "arn:aws:lambda:us-east-1:381491839053:function:save-course",
            "code_signing_config_arn": "",
            "dead_letter_config": [],
            "description": "",
            "environment": [],
            "ephemeral_storage": [
              {
                "size": 512
              }
            ],
            "file_system_config": [],
            "filename": "lambda/functions/save-course/save-course.zip",
            "function_name": "save-course",
            "handler": "save-course.handler",
            "id": "save-course",
            "image_config": [],
            "image_uri": "",
            "invoke_arn": "arn:aws:apigateway:us-east-1:lambda:path/2015-03-31/functions/arn:aws:lambda:us-east-1:381491839053:function:save-course/invocations",
            "kms_key_arn": "",
            "last_modified": "2024-05-06T16:46:04.964+0000",
            "layers": [],
            "logging_config": [
              {
                "application_log_level": "",
                "log_format": "Text",
                "log_group": "/aws/lambda/save-course",
                "system_log_level": ""
              }
            ],
            "memory_size": 128,
            "package_type": "Zip",
            "publish": false,
            "qualified_arn": "arn:aws:lambda:us-east-1:381491839053:function:save-course:$LATEST",
            "qualified_invoke_arn": "arn:aws:apigateway:us-east-1:lambda:path/2015-03-31/functions/arn:aws:lambda:us-east-1:381491839053:function:save-course:$LATEST/invocations",
            "replace_security_groups_on_destroy": null,
            "replacement_security_group_ids": null,
            "reserved_concurrent_executions": -1,
            "role": "arn:aws:iam::381491839053:role/save-course",
            "runtime": "nodejs16.x",
            "s3_bucket": null,
            "s3_key": null,
            "s3_object_version": null,
            "signing_job_arn": "",
            "signing_profile_version_arn": "",
            "skip_destroy": false,
            "snap_start": [],
            "source_code_hash": "4CQ0sR66rlOj6ZgSAq7dwYMBq2/Z44J/MJ3pGQh+gf8=",
            "source_code_size": 598,
            "tags": {},
            "tags_all": {},
            "timeout": 3,
            "timeouts": null,
            "tracing_config": [
              {
                "mode": "PassThrough"
              }
            ],
            "version": "$LATEST",
            "vpc_config": []
          },
          "sensitive_attributes": [],
          "private": "eyJlMmJmYjczMC1lY2FhLTExZTYtOGY4OC0zNDM2M2JjN2M0YzAiOnsiY3JlYXRlIjo2MDAwMDAwMDAwMDAsImRlbGV0ZSI6NjAwMDAwMDAwMDAwLCJ1cGRhdGUiOjYwMDAwMDAwMDAwMH19",
          "dependencies": [
            "module.iam.aws_iam_role.save_course_lambda_role",
            "module.lambda.data.archive_file.save_course"
          ]
        }
      ]
    },
    {
      "module": "module.lambda",
      "mode": "managed",
      "type": "aws_lambda_function",
      "name": "update_course",
      "provider": "provider[\"registry.terraform.io/hashicorp/aws\"]",
      "instances": [
        {
          "schema_version": 0,
          "attributes": {
            "architectures": [
              "x86_64"
            ],
            "arn": "arn:aws:lambda:us-east-1:381491839053:function:update-course",
            "code_signing_config_arn": "",
            "dead_letter_config": [],
            "description": "",
            "environment": [],
            "ephemeral_storage": [
              {
                "size": 512
              }
            ],
            "file_system_config": [],
            "filename": "lambda/functions/update-course/update-course.zip",
            "function_name": "update-course",
            "handler": "update-course.handler",
            "id": "update-course",
            "image_config": [],
            "image_uri": "",
            "invoke_arn": "arn:aws:apigateway:us-east-1:lambda:path/2015-03-31/functions/arn:aws:lambda:us-east-1:381491839053:function:update-course/invocations",
            "kms_key_arn": "",
            "last_modified": "2024-05-06T16:45:52.758+0000",
            "layers": [],
            "logging_config": [
              {
                "application_log_level": "",
                "log_format": "Text",
                "log_group": "/aws/lambda/update-course",
                "system_log_level": ""
              }
            ],
            "memory_size": 128,
            "package_type": "Zip",
            "publish": false,
            "qualified_arn": "arn:aws:lambda:us-east-1:381491839053:function:update-course:$LATEST",
            "qualified_invoke_arn": "arn:aws:apigateway:us-east-1:lambda:path/2015-03-31/functions/arn:aws:lambda:us-east-1:381491839053:function:update-course:$LATEST/invocations",
            "replace_security_groups_on_destroy": null,
            "replacement_security_group_ids": null,
            "reserved_concurrent_executions": -1,
            "role": "arn:aws:iam::381491839053:role/update-course",
            "runtime": "nodejs16.x",
            "s3_bucket": null,
            "s3_key": null,
            "s3_object_version": null,
            "signing_job_arn": "",
            "signing_profile_version_arn": "",
            "skip_destroy": false,
            "snap_start": [],
            "source_code_hash": "NoSj4WICYPa/8a9XnlzXByvF0zxcXUdOoZGbiy7FZLw=",
            "source_code_size": 543,
            "tags": {},
            "tags_all": {},
            "timeout": 3,
            "timeouts": null,
            "tracing_config": [
              {
                "mode": "PassThrough"
              }
            ],
            "version": "$LATEST",
            "vpc_config": []
          },
          "sensitive_attributes": [],
          "private": "eyJlMmJmYjczMC1lY2FhLTExZTYtOGY4OC0zNDM2M2JjN2M0YzAiOnsiY3JlYXRlIjo2MDAwMDAwMDAwMDAsImRlbGV0ZSI6NjAwMDAwMDAwMDAwLCJ1cGRhdGUiOjYwMDAwMDAwMDAwMH19",
          "dependencies": [
            "module.iam.aws_iam_role.update_course_lambda_role",
            "module.lambda.data.archive_file.update_course"
          ]
        }
      ]
    }
  ],
  "check_results": [
    {
      "object_kind": "var",
      "config_addr": "module.iam.var.label_key_case",
      "status": "unknown",
      "objects": [
        {
          "object_addr": "module.iam.var.label_key_case",
          "status": "unknown"
        }
      ]
    },
    {
      "object_kind": "var",
      "config_addr": "module.dynamo_db_authors.var.id_length_limit",
      "status": "unknown",
      "objects": [
        {
          "object_addr": "module.dynamo_db_authors.var.id_length_limit",
          "status": "unknown"
        }
      ]
    },
    {
      "object_kind": "var",
      "config_addr": "module.api.module.this.var.label_value_case",
      "status": "unknown",
      "objects": [
        {
          "object_addr": "module.api.module.this.var.label_value_case",
          "status": "unknown"
        }
      ]
    },
    {
      "object_kind": "var",
      "config_addr": "module.dynamo_db_courses.var.id_length_limit",
      "status": "unknown",
      "objects": [
        {
          "object_addr": "module.dynamo_db_courses.var.id_length_limit",
          "status": "unknown"
        }
      ]
    },
    {
      "object_kind": "var",
      "config_addr": "module.dynamo_db_courses.module.this.var.label_value_case",
      "status": "unknown",
      "objects": [
        {
          "object_addr": "module.dynamo_db_courses.module.this.var.label_value_case",
          "status": "unknown"
        }
      ]
    },
    {
      "object_kind": "var",
      "config_addr": "module.dynamo_db_courses.var.context",
      "status": "unknown",
      "objects": [
        {
          "object_addr": "module.dynamo_db_courses.var.context",
          "status": "unknown"
        }
      ]
    },
    {
      "object_kind": "var",
      "config_addr": "module.api.var.label_key_case",
      "status": "unknown",
      "objects": [
        {
          "object_addr": "module.api.var.label_key_case",
          "status": "unknown"
        }
      ]
    },
    {
      "object_kind": "var",
      "config_addr": "module.dynamo_db_authors.module.labels.var.label_key_case",
      "status": "unknown",
      "objects": [
        {
          "object_addr": "module.dynamo_db_authors.module.labels.var.label_key_case",
          "status": "unknown"
        }
      ]
    },
    {
      "object_kind": "var",
      "config_addr": "module.dynamo_db_authors.module.labels.var.id_length_limit",
      "status": "unknown",
      "objects": [
        {
          "object_addr": "module.dynamo_db_authors.module.labels.var.id_length_limit",
          "status": "unknown"
        }
      ]
    },
    {
      "object_kind": "var",
      "config_addr": "module.iam.var.id_length_limit",
      "status": "unknown",
      "objects": [
        {
          "object_addr": "module.iam.var.id_length_limit",
          "status": "unknown"
        }
      ]
    },
    {
      "object_kind": "var",
      "config_addr": "module.iam.module.labels.var.label_value_case",
      "status": "unknown",
      "objects": [
        {
          "object_addr": "module.iam.module.labels.var.label_value_case",
          "status": "unknown"
        }
      ]
    },
    {
      "object_kind": "var",
      "config_addr": "module.lambda.module.this.var.label_value_case",
      "status": "unknown",
      "objects": [
        {
          "object_addr": "module.lambda.module.this.var.label_value_case",
          "status": "unknown"
        }
      ]
    },
    {
      "object_kind": "var",
      "config_addr": "module.dynamo_db_courses.module.this.var.label_key_case",
      "status": "unknown",
      "objects": [
        {
          "object_addr": "module.dynamo_db_courses.module.this.var.label_key_case",
          "status": "unknown"
        }
      ]
    },
    {
      "object_kind": "var",
      "config_addr": "module.this.var.id_length_limit",
      "status": "unknown",
      "objects": [
        {
          "object_addr": "module.this.var.id_length_limit",
          "status": "unknown"
        }
      ]
    },
    {
      "object_kind": "var",
      "config_addr": "var.context",
      "status": "pass",
      "objects": [
        {
          "object_addr": "var.context",
          "status": "pass"
        }
      ]
    },
    {
      "object_kind": "var",
      "config_addr": "module.this.var.label_value_case",
      "status": "unknown",
      "objects": [
        {
          "object_addr": "module.this.var.label_value_case",
          "status": "unknown"
        }
      ]
    },
    {
      "object_kind": "var",
      "config_addr": "module.iam.module.this.var.label_value_case",
      "status": "unknown",
      "objects": [
        {
          "object_addr": "module.iam.module.this.var.label_value_case",
          "status": "unknown"
        }
      ]
    },
    {
      "object_kind": "var",
      "config_addr": "module.dynamo_db_authors.module.labels.var.label_value_case",
      "status": "unknown",
      "objects": [
        {
          "object_addr": "module.dynamo_db_authors.module.labels.var.label_value_case",
          "status": "unknown"
        }
      ]
    },
    {
      "object_kind": "var",
      "config_addr": "module.iam.module.labels.var.id_length_limit",
      "status": "unknown",
      "objects": [
        {
          "object_addr": "module.iam.module.labels.var.id_length_limit",
          "status": "unknown"
        }
      ]
    },
    {
      "object_kind": "var",
      "config_addr": "module.iam.var.context",
      "status": "unknown",
      "objects": [
        {
          "object_addr": "module.iam.var.context",
          "status": "unknown"
        }
      ]
    },
    {
      "object_kind": "var",
      "config_addr": "module.lambda.var.id_length_limit",
      "status": "unknown",
      "objects": [
        {
          "object_addr": "module.lambda.var.id_length_limit",
          "status": "unknown"
        }
      ]
    },
    {
      "object_kind": "var",
      "config_addr": "module.dynamo_db_courses.module.this.var.id_length_limit",
      "status": "unknown",
      "objects": [
        {
          "object_addr": "module.dynamo_db_courses.module.this.var.id_length_limit",
          "status": "unknown"
        }
      ]
    },
    {
      "object_kind": "var",
      "config_addr": "module.dynamo_db_authors.module.this.var.context",
      "status": "unknown",
      "objects": [
        {
          "object_addr": "module.dynamo_db_authors.module.this.var.context",
          "status": "unknown"
        }
      ]
    },
    {
      "object_kind": "var",
      "config_addr": "module.api.var.context",
      "status": "unknown",
      "objects": [
        {
          "object_addr": "module.api.var.context",
          "status": "unknown"
        }
      ]
    },
    {
      "object_kind": "var",
      "config_addr": "module.lambda.module.this.var.label_key_case",
      "status": "unknown",
      "objects": [
        {
          "object_addr": "module.lambda.module.this.var.label_key_case",
          "status": "unknown"
        }
      ]
    },
    {
      "object_kind": "var",
      "config_addr": "module.iam.var.label_value_case",
      "status": "unknown",
      "objects": [
        {
          "object_addr": "module.iam.var.label_value_case",
          "status": "unknown"
        }
      ]
    },
    {
      "object_kind": "var",
      "config_addr": "module.dynamo_db_authors.module.this.var.id_length_limit",
      "status": "unknown",
      "objects": [
        {
          "object_addr": "module.dynamo_db_authors.module.this.var.id_length_limit",
          "status": "unknown"
        }
      ]
    },
    {
      "object_kind": "var",
      "config_addr": "var.label_key_case",
      "status": "pass",
      "objects": [
        {
          "object_addr": "var.label_key_case",
          "status": "pass"
        }
      ]
    },
    {
      "object_kind": "var",
      "config_addr": "var.id_length_limit",
      "status": "pass",
      "objects": [
        {
          "object_addr": "var.id_length_limit",
          "status": "pass"
        }
      ]
    },
    {
      "object_kind": "var",
      "config_addr": "module.lambda.module.this.var.context",
      "status": "unknown",
      "objects": [
        {
          "object_addr": "module.lambda.module.this.var.context",
          "status": "unknown"
        }
      ]
    },
    {
      "object_kind": "var",
      "config_addr": "module.iam.module.labels.var.context",
      "status": "unknown",
      "objects": [
        {
          "object_addr": "module.iam.module.labels.var.context",
          "status": "unknown"
        }
      ]
    },
    {
      "object_kind": "var",
      "config_addr": "module.dynamo_db_authors.module.this.var.label_key_case",
      "status": "unknown",
      "objects": [
        {
          "object_addr": "module.dynamo_db_authors.module.this.var.label_key_case",
          "status": "unknown"
        }
      ]
    },
    {
      "object_kind": "var",
      "config_addr": "module.api.module.this.var.context",
      "status": "unknown",
      "objects": [
        {
          "object_addr": "module.api.module.this.var.context",
          "status": "unknown"
        }
      ]
    },
    {
      "object_kind": "var",
      "config_addr": "module.api.module.labels.var.label_value_case",
      "status": "unknown",
      "objects": [
        {
          "object_addr": "module.api.module.labels.var.label_value_case",
          "status": "unknown"
        }
      ]
    },
    {
      "object_kind": "var",
      "config_addr": "module.dynamo_db_courses.module.labels.var.id_length_limit",
      "status": "unknown",
      "objects": [
        {
          "object_addr": "module.dynamo_db_courses.module.labels.var.id_length_limit",
          "status": "unknown"
        }
      ]
    },
    {
      "object_kind": "var",
      "config_addr": "module.lambda.module.labels.var.label_key_case",
      "status": "unknown",
      "objects": [
        {
          "object_addr": "module.lambda.module.labels.var.label_key_case",
          "status": "unknown"
        }
      ]
    },
    {
      "object_kind": "var",
      "config_addr": "module.dynamo_db_authors.module.labels.var.context",
      "status": "unknown",
      "objects": [
        {
          "object_addr": "module.dynamo_db_authors.module.labels.var.context",
          "status": "unknown"
        }
      ]
    },
    {
      "object_kind": "var",
      "config_addr": "module.iam.module.this.var.id_length_limit",
      "status": "unknown",
      "objects": [
        {
          "object_addr": "module.iam.module.this.var.id_length_limit",
          "status": "unknown"
        }
      ]
    },
    {
      "object_kind": "var",
      "config_addr": "module.lambda.module.labels.var.label_value_case",
      "status": "unknown",
      "objects": [
        {
          "object_addr": "module.lambda.module.labels.var.label_value_case",
          "status": "unknown"
        }
      ]
    },
    {
      "object_kind": "var",
      "config_addr": "module.lambda.var.label_value_case",
      "status": "unknown",
      "objects": [
        {
          "object_addr": "module.lambda.var.label_value_case",
          "status": "unknown"
        }
      ]
    },
    {
      "object_kind": "var",
      "config_addr": "var.label_value_case",
      "status": "pass",
      "objects": [
        {
          "object_addr": "var.label_value_case",
          "status": "pass"
        }
      ]
    },
    {
      "object_kind": "var",
      "config_addr": "module.api.module.labels.var.label_key_case",
      "status": "unknown",
      "objects": [
        {
          "object_addr": "module.api.module.labels.var.label_key_case",
          "status": "unknown"
        }
      ]
    },
    {
      "object_kind": "var",
      "config_addr": "module.dynamo_db_courses.module.labels.var.context",
      "status": "unknown",
      "objects": [
        {
          "object_addr": "module.dynamo_db_courses.module.labels.var.context",
          "status": "unknown"
        }
      ]
    },
    {
      "object_kind": "var",
      "config_addr": "module.lambda.module.labels.var.id_length_limit",
      "status": "unknown",
      "objects": [
        {
          "object_addr": "module.lambda.module.labels.var.id_length_limit",
          "status": "unknown"
        }
      ]
    },
    {
      "object_kind": "var",
      "config_addr": "module.dynamo_db_authors.var.context",
      "status": "unknown",
      "objects": [
        {
          "object_addr": "module.dynamo_db_authors.var.context",
          "status": "unknown"
        }
      ]
    },
    {
      "object_kind": "var",
      "config_addr": "module.dynamo_db_authors.module.this.var.label_value_case",
      "status": "unknown",
      "objects": [
        {
          "object_addr": "module.dynamo_db_authors.module.this.var.label_value_case",
          "status": "unknown"
        }
      ]
    },
    {
      "object_kind": "var",
      "config_addr": "module.lambda.var.context",
      "status": "unknown",
      "objects": [
        {
          "object_addr": "module.lambda.var.context",
          "status": "unknown"
        }
      ]
    },
    {
      "object_kind": "var",
      "config_addr": "module.iam.module.this.var.context",
      "status": "unknown",
      "objects": [
        {
          "object_addr": "module.iam.module.this.var.context",
          "status": "unknown"
        }
      ]
    },
    {
      "object_kind": "var",
      "config_addr": "module.lambda.var.label_key_case",
      "status": "unknown",
      "objects": [
        {
          "object_addr": "module.lambda.var.label_key_case",
          "status": "unknown"
        }
      ]
    },
    {
      "object_kind": "var",
      "config_addr": "module.api.module.this.var.label_key_case",
      "status": "unknown",
      "objects": [
        {
          "object_addr": "module.api.module.this.var.label_key_case",
          "status": "unknown"
        }
      ]
    },
    {
      "object_kind": "var",
      "config_addr": "module.dynamo_db_courses.module.labels.var.label_value_case",
      "status": "unknown",
      "objects": [
        {
          "object_addr": "module.dynamo_db_courses.module.labels.var.label_value_case",
          "status": "unknown"
        }
      ]
    },
    {
      "object_kind": "var",
      "config_addr": "module.dynamo_db_courses.module.labels.var.label_key_case",
      "status": "unknown",
      "objects": [
        {
          "object_addr": "module.dynamo_db_courses.module.labels.var.label_key_case",
          "status": "unknown"
        }
      ]
    },
    {
      "object_kind": "var",
      "config_addr": "module.dynamo_db_authors.var.label_key_case",
      "status": "unknown",
      "objects": [
        {
          "object_addr": "module.dynamo_db_authors.var.label_key_case",
          "status": "unknown"
        }
      ]
    },
    {
      "object_kind": "var",
      "config_addr": "module.this.var.context",
      "status": "unknown",
      "objects": [
        {
          "object_addr": "module.this.var.context",
          "status": "unknown"
        }
      ]
    },
    {
      "object_kind": "var",
      "config_addr": "module.api.module.labels.var.context",
      "status": "unknown",
      "objects": [
        {
          "object_addr": "module.api.module.labels.var.context",
          "status": "unknown"
        }
      ]
    },
    {
      "object_kind": "var",
      "config_addr": "module.dynamo_db_courses.module.this.var.context",
      "status": "unknown",
      "objects": [
        {
          "object_addr": "module.dynamo_db_courses.module.this.var.context",
          "status": "unknown"
        }
      ]
    },
    {
      "object_kind": "var",
      "config_addr": "module.api.var.label_value_case",
      "status": "unknown",
      "objects": [
        {
          "object_addr": "module.api.var.label_value_case",
          "status": "unknown"
        }
      ]
    },
    {
      "object_kind": "var",
      "config_addr": "module.api.var.id_length_limit",
      "status": "unknown",
      "objects": [
        {
          "object_addr": "module.api.var.id_length_limit",
          "status": "unknown"
        }
      ]
    },
    {
      "object_kind": "var",
      "config_addr": "module.iam.module.labels.var.label_key_case",
      "status": "unknown",
      "objects": [
        {
          "object_addr": "module.iam.module.labels.var.label_key_case",
          "status": "unknown"
        }
      ]
    },
    {
      "object_kind": "var",
      "config_addr": "module.lambda.module.labels.var.context",
      "status": "unknown",
      "objects": [
        {
          "object_addr": "module.lambda.module.labels.var.context",
          "status": "unknown"
        }
      ]
    },
    {
      "object_kind": "var",
      "config_addr": "module.lambda.module.this.var.id_length_limit",
      "status": "unknown",
      "objects": [
        {
          "object_addr": "module.lambda.module.this.var.id_length_limit",
          "status": "unknown"
        }
      ]
    },
    {
      "object_kind": "var",
      "config_addr": "module.dynamo_db_courses.var.label_value_case",
      "status": "unknown",
      "objects": [
        {
          "object_addr": "module.dynamo_db_courses.var.label_value_case",
          "status": "unknown"
        }
      ]
    },
    {
      "object_kind": "var",
      "config_addr": "module.dynamo_db_authors.var.label_value_case",
      "status": "unknown",
      "objects": [
        {
          "object_addr": "module.dynamo_db_authors.var.label_value_case",
          "status": "unknown"
        }
      ]
    },
    {
      "object_kind": "var",
      "config_addr": "module.api.module.this.var.id_length_limit",
      "status": "unknown",
      "objects": [
        {
          "object_addr": "module.api.module.this.var.id_length_limit",
          "status": "unknown"
        }
      ]
    },
    {
      "object_kind": "var",
      "config_addr": "module.iam.module.this.var.label_key_case",
      "status": "unknown",
      "objects": [
        {
          "object_addr": "module.iam.module.this.var.label_key_case",
          "status": "unknown"
        }
      ]
    },
    {
      "object_kind": "var",
      "config_addr": "module.api.module.labels.var.id_length_limit",
      "status": "unknown",
      "objects": [
        {
          "object_addr": "module.api.module.labels.var.id_length_limit",
          "status": "unknown"
        }
      ]
    },
    {
      "object_kind": "var",
      "config_addr": "module.this.var.label_key_case",
      "status": "unknown",
      "objects": [
        {
          "object_addr": "module.this.var.label_key_case",
          "status": "unknown"
        }
      ]
    },
    {
      "object_kind": "var",
      "config_addr": "module.dynamo_db_courses.var.label_key_case",
      "status": "unknown",
      "objects": [
        {
          "object_addr": "module.dynamo_db_courses.var.label_key_case",
          "status": "unknown"
        }
      ]
    }
  ]
}
